{
  "originHash" : "279131fffa88799c57b3f545b8043b4e114cf2b1c7912fc3b330a13d057e3788",
  "pins" : [
    {
      "identity" : "cloudinary_ios",
      "kind" : "remoteSourceControl",
      "location" : "https://github.com/cloudinary/cloudinary_ios.git",
      "state" : {
        "revision" : "3f27402baad39b619da8c5bc1a829075fcfaf763",
        "version" : "4.2.0"
      }
    },
    {
      "identity" : "kingfisher",
      "kind" : "remoteSourceControl",
      "location" : "https://github.com/onevcat/Kingfisher.git",
      "state" : {
        "revision" : "277f1ab2c6664b19b4a412e32b094b201e2d5757",
        "version" : "7.10.0"
      }
    },
    {
      "identity" : "kitbase",
      "kind" : "remoteSourceControl",
      "location" : "https://github.com/sinbadbd/KitBase/",
      "state" : {
        "branch" : "main",
        "revision" : "2dcbb0ac80deb57ca0d1b7cf1109de1354559414"
      }
    },
    {
      "identity" : "networkkit",
      "kind" : "remoteSourceControl",
      "location" : "https://github.com/sinbadbd/NetworkKit",
      "state" : {
        "branch" : "main",
        "revision" : "49c2909f6c5ed094ef29ef23c9574123007f4b4d"
      }
    }
  ],
  "version" : 3
}
