{
  "pins" : [
    {
      "identity" : "cloudinary_ios",
      "kind" : "remoteSourceControl",
      "location" : "https://github.com/cloudinary/cloudinary_ios.git",
      "state" : {
        "revision" : "3f27402baad39b619da8c5bc1a829075fcfaf763",
        "version" : "4.2.0"
      }
    },
    {
      "identity" : "kitbase",
      "kind" : "remoteSourceControl",
      "location" : "https://github.com/sinbadbd/KitBase",
      "state" : {
        "branch" : "main",
        "revision" : "bcfabb26ff34a5b3ec9e6abd9799f081b5752426"
      }
    },
    {
      "identity" : "networkkit",
      "kind" : "remoteSourceControl",
      "location" : "https://github.com/sinbadbd/NetworkKit",
      "state" : {
        "branch" : "main",
        "revision" : "532ab4b0a099b3b7a265308b99478555dd564404"
      }
    }
  ],
  "version" : 2
}
