{
  "originHash" : "c2fdfcee0bb30bbaeea69ab59cd9c36424c4cc157caecbee12dc8d8d646fe109",
  "pins" : [
    {
      "identity" : "cloudinary_ios",
      "kind" : "remoteSourceControl",
      "location" : "https://github.com/cloudinary/cloudinary_ios.git",
      "state" : {
        "revision" : "3f27402baad39b619da8c5bc1a829075fcfaf763",
        "version" : "4.2.0"
      }
    },
    {
      "identity" : "kingfisher",
      "kind" : "remoteSourceControl",
      "location" : "https://github.com/onevcat/Kingfisher.git",
      "state" : {
        "revision" : "277f1ab2c6664b19b4a412e32b094b201e2d5757",
        "version" : "7.10.0"
      }
    },
    {
      "identity" : "kitbase",
      "kind" : "remoteSourceControl",
      "location" : "https://github.com/sinbadbd/KitBase",
      "state" : {
        "branch" : "main",
        "revision" : "cd2dd74f5dba97a05f3befe8986f067d09e62c7a"
      }
    },
    {
      "identity" : "networkkit",
      "kind" : "remoteSourceControl",
      "location" : "https://github.com/sinbadbd/NetworkKit",
      "state" : {
        "branch" : "main",
        "revision" : "49c2909f6c5ed094ef29ef23c9574123007f4b4d"
      }
    }
  ],
  "version" : 3
}
