// !$*UTF8*$!
{
	archiveVersion = 1;
	classes = {
	};
	objectVersion = 56;
	objects = {

/* Begin PBXBuildFile section */
		1D858ACD2AE43C4800FE6AC4 /* TalkBookApp.swift in Sources */ = {isa = PBXBuildFile; fileRef = 1D858ACC2AE43C4800FE6AC4 /* TalkBookApp.swift */; };
		1D858ACF2AE43C4800FE6AC4 /* ContentView.swift in Sources */ = {isa = PBXBuildFile; fileRef = 1D858ACE2AE43C4800FE6AC4 /* ContentView.swift */; };
		1D858AD12AE43C4A00FE6AC4 /* Assets.xcassets in Resources */ = {isa = PBXBuildFile; fileRef = 1D858AD02AE43C4A00FE6AC4 /* Assets.xcassets */; };
		1D858AD52AE43C4A00FE6AC4 /* Preview Assets.xcassets in Resources */ = {isa = PBXBuildFile; fileRef = 1D858AD42AE43C4A00FE6AC4 /* Preview Assets.xcassets */; };
		1D858ADF2AE43C4A00FE6AC4 /* TalkBookTests.swift in Sources */ = {isa = PBXBuildFile; fileRef = 1D858ADE2AE43C4A00FE6AC4 /* TalkBookTests.swift */; };
		1D858AE92AE43C4A00FE6AC4 /* TalkBookUITests.swift in Sources */ = {isa = PBXBuildFile; fileRef = 1D858AE82AE43C4A00FE6AC4 /* TalkBookUITests.swift */; };
		1D858AEB2AE43C4B00FE6AC4 /* TalkBookUITestsLaunchTests.swift in Sources */ = {isa = PBXBuildFile; fileRef = 1D858AEA2AE43C4B00FE6AC4 /* TalkBookUITestsLaunchTests.swift */; };
/* End PBXBuildFile section */

/* Begin PBXContainerItemProxy section */
		1D858ADB2AE43C4A00FE6AC4 /* PBXContainerItemProxy */ = {
			isa = PBXContainerItemProxy;
			containerPortal = 1D858AC12AE43C4800FE6AC4 /* Project object */;
			proxyType = 1;
			remoteGlobalIDString = 1D858AC82AE43C4800FE6AC4;
			remoteInfo = TalkBook;
		};
		1D858AE52AE43C4A00FE6AC4 /* PBXContainerItemProxy */ = {
			isa = PBXContainerItemProxy;
			containerPortal = 1D858AC12AE43C4800FE6AC4 /* Project object */;
			proxyType = 1;
			remoteGlobalIDString = 1D858AC82AE43C4800FE6AC4;
			remoteInfo = TalkBook;
		};
/* End PBXContainerItemProxy section */

/* Begin PBXFileReference section */
		1D858AC92AE43C4800FE6AC4 /* TalkBook.app */ = {isa = PBXFileReference; explicitFileType = wrapper.application; includeInIndex = 0; path = TalkBook.app; sourceTree = BUILT_PRODUCTS_DIR; };
		1D858ACC2AE43C4800FE6AC4 /* TalkBookApp.swift */ = {isa = PBXFileReference; lastKnownFileType = sourcecode.swift; path = TalkBookApp.swift; sourceTree = "<group>"; };
		1D858ACE2AE43C4800FE6AC4 /* ContentView.swift */ = {isa = PBXFileReference; lastKnownFileType = sourcecode.swift; path = ContentView.swift; sourceTree = "<group>"; };
		1D858AD02AE43C4A00FE6AC4 /* Assets.xcassets */ = {isa = PBXFileReference; lastKnownFileType = folder.assetcatalog; path = Assets.xcassets; sourceTree = "<group>"; };
		1D858AD22AE43C4A00FE6AC4 /* TalkBook.entitlements */ = {isa = PBXFileReference; lastKnownFileType = text.plist.entitlements; path = TalkBook.entitlements; sourceTree = "<group>"; };
		1D858AD42AE43C4A00FE6AC4 /* Preview Assets.xcassets */ = {isa = PBXFileReference; lastKnownFileType = folder.assetcatalog; path = "Preview Assets.xcassets"; sourceTree = "<group>"; };
		1D858ADA2AE43C4A00FE6AC4 /* TalkBookTests.xctest */ = {isa = PBXFileReference; explicitFileType = wrapper.cfbundle; includeInIndex = 0; path = TalkBookTests.xctest; sourceTree = BUILT_PRODUCTS_DIR; };
		1D858ADE2AE43C4A00FE6AC4 /* TalkBookTests.swift */ = {isa = PBXFileReference; lastKnownFileType = sourcecode.swift; path = TalkBookTests.swift; sourceTree = "<group>"; };
		1D858AE42AE43C4A00FE6AC4 /* TalkBookUITests.xctest */ = {isa = PBXFileReference; explicitFileType = wrapper.cfbundle; includeInIndex = 0; path = TalkBookUITests.xctest; sourceTree = BUILT_PRODUCTS_DIR; };
		1D858AE82AE43C4A00FE6AC4 /* TalkBookUITests.swift */ = {isa = PBXFileReference; lastKnownFileType = sourcecode.swift; path = TalkBookUITests.swift; sourceTree = "<group>"; };
		1D858AEA2AE43C4B00FE6AC4 /* TalkBookUITestsLaunchTests.swift */ = {isa = PBXFileReference; lastKnownFileType = sourcecode.swift; path = TalkBookUITestsLaunchTests.swift; sourceTree = "<group>"; };
/* End PBXFileReference section */

/* Begin PBXFrameworksBuildPhase section */
		1D858AC62AE43C4800FE6AC4 /* Frameworks */ = {
			isa = PBXFrameworksBuildPhase;
			buildActionMask = 2147483647;
			files = (
			);
			runOnlyForDeploymentPostprocessing = 0;
		};
		1D858AD72AE43C4A00FE6AC4 /* Frameworks */ = {
			isa = PBXFrameworksBuildPhase;
			buildActionMask = 2147483647;
			files = (
			);
			runOnlyForDeploymentPostprocessing = 0;
		};
		1D858AE12AE43C4A00FE6AC4 /* Frameworks */ = {
			isa = PBXFrameworksBuildPhase;
			buildActionMask = 2147483647;
			files = (
			);
			runOnlyForDeploymentPostprocessing = 0;
		};
/* End PBXFrameworksBuildPhase section */

/* Begin PBXGroup section */
		1D858AC02AE43C4800FE6AC4 = {
			isa = PBXGroup;
			children = (
				1D858ACB2AE43C4800FE6AC4 /* TalkBook */,
				1D858ADD2AE43C4A00FE6AC4 /* TalkBookTests */,
				1D858AE72AE43C4A00FE6AC4 /* TalkBookUITests */,
				1D858ACA2AE43C4800FE6AC4 /* Products */,
			);
			sourceTree = "<group>";
		};
		1D858ACA2AE43C4800FE6AC4 /* Products */ = {
			isa = PBXGroup;
			children = (
				1D858AC92AE43C4800FE6AC4 /* TalkBook.app */,
				1D858ADA2AE43C4A00FE6AC4 /* TalkBookTests.xctest */,
				1D858AE42AE43C4A00FE6AC4 /* TalkBookUITests.xctest */,
			);
			name = Products;
			sourceTree = "<group>";
		};
		1D858ACB2AE43C4800FE6AC4 /* TalkBook */ = {
			isa = PBXGroup;
			children = (
				1D858ACC2AE43C4800FE6AC4 /* TalkBookApp.swift */,
				1D858ACE2AE43C4800FE6AC4 /* ContentView.swift */,
				1D858AD02AE43C4A00FE6AC4 /* Assets.xcassets */,
				1D858AD22AE43C4A00FE6AC4 /* TalkBook.entitlements */,
				1D858AD32AE43C4A00FE6AC4 /* Preview Content */,
			);
			path = TalkBook;
			sourceTree = "<group>";
		};
		1D858AD32AE43C4A00FE6AC4 /* Preview Content */ = {
			isa = PBXGroup;
			children = (
				1D858AD42AE43C4A00FE6AC4 /* Preview Assets.xcassets */,
			);
			path = "Preview Content";
			sourceTree = "<group>";
		};
		1D858ADD2AE43C4A00FE6AC4 /* TalkBookTests */ = {
			isa = PBXGroup;
			children = (
				1D858ADE2AE43C4A00FE6AC4 /* TalkBookTests.swift */,
			);
			path = TalkBookTests;
			sourceTree = "<group>";
		};
		1D858AE72AE43C4A00FE6AC4 /* TalkBookUITests */ = {
			isa = PBXGroup;
			children = (
				1D858AE82AE43C4A00FE6AC4 /* TalkBookUITests.swift */,
				1D858AEA2AE43C4B00FE6AC4 /* TalkBookUITestsLaunchTests.swift */,
			);
			path = TalkBookUITests;
			sourceTree = "<group>";
		};
/* End PBXGroup section */

/* Begin PBXNativeTarget section */
		1D858AC82AE43C4800FE6AC4 /* TalkBook */ = {
			isa = PBXNativeTarget;
			buildConfigurationList = 1D858AEE2AE43C4B00FE6AC4 /* Build configuration list for PBXNativeTarget "TalkBook" */;
			buildPhases = (
				1D858AC52AE43C4800FE6AC4 /* Sources */,
				1D858AC62AE43C4800FE6AC4 /* Frameworks */,
				1D858AC72AE43C4800FE6AC4 /* Resources */,
			);
			buildRules = (
			);
			dependencies = (
			);
			name = TalkBook;
			productName = TalkBook;
			productReference = 1D858AC92AE43C4800FE6AC4 /* TalkBook.app */;
			productType = "com.apple.product-type.application";
		};
		1D858AD92AE43C4A00FE6AC4 /* TalkBookTests */ = {
			isa = PBXNativeTarget;
			buildConfigurationList = 1D858AF12AE43C4B00FE6AC4 /* Build configuration list for PBXNativeTarget "TalkBookTests" */;
			buildPhases = (
				1D858AD62AE43C4A00FE6AC4 /* Sources */,
				1D858AD72AE43C4A00FE6AC4 /* Frameworks */,
				1D858AD82AE43C4A00FE6AC4 /* Resources */,
			);
			buildRules = (
			);
			dependencies = (
				1D858ADC2AE43C4A00FE6AC4 /* PBXTargetDependency */,
			);
			name = TalkBookTests;
			productName = TalkBookTests;
			productReference = 1D858ADA2AE43C4A00FE6AC4 /* TalkBookTests.xctest */;
			productType = "com.apple.product-type.bundle.unit-test";
		};
		1D858AE32AE43C4A00FE6AC4 /* TalkBookUITests */ = {
			isa = PBXNativeTarget;
			buildConfigurationList = 1D858AF42AE43C4B00FE6AC4 /* Build configuration list for PBXNativeTarget "TalkBookUITests" */;
			buildPhases = (
				1D858AE02AE43C4A00FE6AC4 /* Sources */,
				1D858AE12AE43C4A00FE6AC4 /* Frameworks */,
				1D858AE22AE43C4A00FE6AC4 /* Resources */,
			);
			buildRules = (
			);
			dependencies = (
				1D858AE62AE43C4A00FE6AC4 /* PBXTargetDependency */,
			);
			name = TalkBookUITests;
			productName = TalkBookUITests;
			productReference = 1D858AE42AE43C4A00FE6AC4 /* TalkBookUITests.xctest */;
			productType = "com.apple.product-type.bundle.ui-testing";
		};
/* End PBXNativeTarget section */

/* Begin PBXProject section */
		1D858AC12AE43C4800FE6AC4 /* Project object */ = {
			isa = PBXProject;
			attributes = {
				BuildIndependentTargetsInParallel = 1;
				LastSwiftUpdateCheck = 1500;
				LastUpgradeCheck = 1500;
				TargetAttributes = {
					1D858AC82AE43C4800FE6AC4 = {
						CreatedOnToolsVersion = 15.0.1;
					};
					1D858AD92AE43C4A00FE6AC4 = {
						CreatedOnToolsVersion = 15.0.1;
						TestTargetID = 1D858AC82AE43C4800FE6AC4;
					};
					1D858AE32AE43C4A00FE6AC4 = {
						CreatedOnToolsVersion = 15.0.1;
						TestTargetID = 1D858AC82AE43C4800FE6AC4;
					};
				};
			};
			buildConfigurationList = 1D858AC42AE43C4800FE6AC4 /* Build configuration list for PBXProject "TalkBook" */;
			compatibilityVersion = "Xcode 14.0";
			developmentRegion = en;
			hasScannedForEncodings = 0;
			knownRegions = (
				en,
				Base,
			);
			mainGroup = 1D858AC02AE43C4800FE6AC4;
			productRefGroup = 1D858ACA2AE43C4800FE6AC4 /* Products */;
			projectDirPath = "";
			projectRoot = "";
			targets = (
				1D858AC82AE43C4800FE6AC4 /* TalkBook */,
				1D858AD92AE43C4A00FE6AC4 /* TalkBookTests */,
				1D858AE32AE43C4A00FE6AC4 /* TalkBookUITests */,
			);
		};
/* End PBXProject section */

/* Begin PBXResourcesBuildPhase section */
		1D858AC72AE43C4800FE6AC4 /* Resources */ = {
			isa = PBXResourcesBuildPhase;
			buildActionMask = 2147483647;
			files = (
				1D858AD52AE43C4A00FE6AC4 /* Preview Assets.xcassets in Resources */,
				1D858AD12AE43C4A00FE6AC4 /* Assets.xcassets in Resources */,
			);
			runOnlyForDeploymentPostprocessing = 0;
		};
		1D858AD82AE43C4A00FE6AC4 /* Resources */ = {
			isa = PBXResourcesBuildPhase;
			buildActionMask = 2147483647;
			files = (
			);
			runOnlyForDeploymentPostprocessing = 0;
		};
		1D858AE22AE43C4A00FE6AC4 /* Resources */ = {
			isa = PBXResourcesBuildPhase;
			buildActionMask = 2147483647;
			files = (
			);
			runOnlyForDeploymentPostprocessing = 0;
		};
/* End PBXResourcesBuildPhase section */

/* Begin PBXSourcesBuildPhase section */
		1D858AC52AE43C4800FE6AC4 /* Sources */ = {
			isa = PBXSourcesBuildPhase;
			buildActionMask = 2147483647;
			files = (
				1D858ACF2AE43C4800FE6AC4 /* ContentView.swift in Sources */,
				1D858ACD2AE43C4800FE6AC4 /* TalkBookApp.swift in Sources */,
			);
			runOnlyForDeploymentPostprocessing = 0;
		};
		1D858AD62AE43C4A00FE6AC4 /* Sources */ = {
			isa = PBXSourcesBuildPhase;
			buildActionMask = 2147483647;
			files = (
				1D858ADF2AE43C4A00FE6AC4 /* TalkBookTests.swift in Sources */,
			);
			runOnlyForDeploymentPostprocessing = 0;
		};
		1D858AE02AE43C4A00FE6AC4 /* Sources */ = {
			isa = PBXSourcesBuildPhase;
			buildActionMask = 2147483647;
			files = (
				1D858AEB2AE43C4B00FE6AC4 /* TalkBookUITestsLaunchTests.swift in Sources */,
				1D858AE92AE43C4A00FE6AC4 /* TalkBookUITests.swift in Sources */,
			);
			runOnlyForDeploymentPostprocessing = 0;
		};
/* End PBXSourcesBuildPhase section */

/* Begin PBXTargetDependency section */
		1D858ADC2AE43C4A00FE6AC4 /* PBXTargetDependency */ = {
			isa = PBXTargetDependency;
			target = 1D858AC82AE43C4800FE6AC4 /* TalkBook */;
			targetProxy = 1D858ADB2AE43C4A00FE6AC4 /* PBXContainerItemProxy */;
		};
		1D858AE62AE43C4A00FE6AC4 /* PBXTargetDependency */ = {
			isa = PBXTargetDependency;
			target = 1D858AC82AE43C4800FE6AC4 /* TalkBook */;
			targetProxy = 1D858AE52AE43C4A00FE6AC4 /* PBXContainerItemProxy */;
		};
/* End PBXTargetDependency section */

/* Begin XCBuildConfiguration section */
		1D858AEC2AE43C4B00FE6AC4 /* Debug */ = {
			isa = XCBuildConfiguration;
			buildSettings = {
				ALWAYS_SEARCH_USER_PATHS = NO;
				ASSETCATALOG_COMPILER_GENERATE_SWIFT_ASSET_SYMBOL_EXTENSIONS = YES;
				CLANG_ANALYZER_NONNULL = YES;
				CLANG_ANALYZER_NUMBER_OBJECT_CONVERSION = YES_AGGRESSIVE;
				CLANG_CXX_LANGUAGE_STANDARD = "gnu++20";
				CLANG_ENABLE_MODULES = YES;
				CLANG_ENABLE_OBJC_ARC = YES;
				CLANG_ENABLE_OBJC_WEAK = YES;
				CLANG_WARN_BLOCK_CAPTURE_AUTORELEASING = YES;
				CLANG_WARN_BOOL_CONVERSION = YES;
				CLANG_WARN_COMMA = YES;
				CLANG_WARN_CONSTANT_CONVERSION = YES;
				CLANG_WARN_DEPRECATED_OBJC_IMPLEMENTATIONS = YES;
				CLANG_WARN_DIRECT_OBJC_ISA_USAGE = YES_ERROR;
				CLANG_WARN_DOCUMENTATION_COMMENTS = YES;
				CLANG_WARN_EMPTY_BODY = YES;
				CLANG_WARN_ENUM_CONVERSION = YES;
				CLANG_WARN_INFINITE_RECURSION = YES;
				CLANG_WARN_INT_CONVERSION = YES;
				CLANG_WARN_NON_LITERAL_NULL_CONVERSION = YES;
				CLANG_WARN_OBJC_IMPLICIT_RETAIN_SELF = YES;
				CLANG_WARN_OBJC_LITERAL_CONVERSION = YES;
				CLANG_WARN_OBJC_ROOT_CLASS = YES_ERROR;
				CLANG_WARN_QUOTED_INCLUDE_IN_FRAMEWORK_HEADER = YES;
				CLANG_WARN_RANGE_LOOP_ANALYSIS = YES;
				CLANG_WARN_STRICT_PROTOTYPES = YES;
				CLANG_WARN_SUSPICIOUS_MOVE = YES;
				CLANG_WARN_UNGUARDED_AVAILABILITY = YES_AGGRESSIVE;
				CLANG_WARN_UNREACHABLE_CODE = YES;
				CLANG_WARN__DUPLICATE_METHOD_MATCH = YES;
				COPY_PHASE_STRIP = NO;
				DEBUG_INFORMATION_FORMAT = dwarf;
				ENABLE_STRICT_OBJC_MSGSEND = YES;
				ENABLE_TESTABILITY = YES;
				ENABLE_USER_SCRIPT_SANDBOXING = YES;
				GCC_C_LANGUAGE_STANDARD = gnu17;
				GCC_DYNAMIC_NO_PIC = NO;
				GCC_NO_COMMON_BLOCKS = YES;
				GCC_OPTIMIZATION_LEVEL = 0;
				GCC_PREPROCESSOR_DEFINITIONS = (
					"DEBUG=1",
					"$(inherited)",
				);
				GCC_WARN_64_TO_32_BIT_CONVERSION = YES;
				GCC_WARN_ABOUT_RETURN_TYPE = YES_ERROR;
				GCC_WARN_UNDECLARED_SELECTOR = YES;
				GCC_WARN_UNINITIALIZED_AUTOS = YES_AGGRESSIVE;
				GCC_WARN_UNUSED_FUNCTION = YES;
				GCC_WARN_UNUSED_VARIABLE = YES;
				LOCALIZATION_PREFERS_STRING_CATALOGS = YES;
				MTL_ENABLE_DEBUG_INFO = INCLUDE_SOURCE;
				MTL_FAST_MATH = YES;
				ONLY_ACTIVE_ARCH = YES;
				SWIFT_ACTIVE_COMPILATION_CONDITIONS = "DEBUG $(inherited)";
				SWIFT_OPTIMIZATION_LEVEL = "-Onone";
			};
			name = Debug;
		};
		1D858AED2AE43C4B00FE6AC4 /* Release */ = {
			isa = XCBuildConfiguration;
			buildSettings = {
				ALWAYS_SEARCH_USER_PATHS = NO;
				ASSETCATALOG_COMPILER_GENERATE_SWIFT_ASSET_SYMBOL_EXTENSIONS = YES;
				CLANG_ANALYZER_NONNULL = YES;
				CLANG_ANALYZER_NUMBER_OBJECT_CONVERSION = YES_AGGRESSIVE;
				CLANG_CXX_LANGUAGE_STANDARD = "gnu++20";
				CLANG_ENABLE_MODULES = YES;
				CLANG_ENABLE_OBJC_ARC = YES;
				CLANG_ENABLE_OBJC_WEAK = YES;
				CLANG_WARN_BLOCK_CAPTURE_AUTORELEASING = YES;
				CLANG_WARN_BOOL_CONVERSION = YES;
				CLANG_WARN_COMMA = YES;
				CLANG_WARN_CONSTANT_CONVERSION = YES;
				CLANG_WARN_DEPRECATED_OBJC_IMPLEMENTATIONS = YES;
				CLANG_WARN_DIRECT_OBJC_ISA_USAGE = YES_ERROR;
				CLANG_WARN_DOCUMENTATION_COMMENTS = YES;
				CLANG_WARN_EMPTY_BODY = YES;
				CLANG_WARN_ENUM_CONVERSION = YES;
				CLANG_WARN_INFINITE_RECURSION = YES;
				CLANG_WARN_INT_CONVERSION = YES;
				CLANG_WARN_NON_LITERAL_NULL_CONVERSION = YES;
				CLANG_WARN_OBJC_IMPLICIT_RETAIN_SELF = YES;
				CLANG_WARN_OBJC_LITERAL_CONVERSION = YES;
				CLANG_WARN_OBJC_ROOT_CLASS = YES_ERROR;
				CLANG_WARN_QUOTED_INCLUDE_IN_FRAMEWORK_HEADER = YES;
				CLANG_WARN_RANGE_LOOP_ANALYSIS = YES;
				CLANG_WARN_STRICT_PROTOTYPES = YES;
				CLANG_WARN_SUSPICIOUS_MOVE = YES;
				CLANG_WARN_UNGUARDED_AVAILABILITY = YES_AGGRESSIVE;
				CLANG_WARN_UNREACHABLE_CODE = YES;
				CLANG_WARN__DUPLICATE_METHOD_MATCH = YES;
				COPY_PHASE_STRIP = NO;
				DEBUG_INFORMATION_FORMAT = "dwarf-with-dsym";
				ENABLE_NS_ASSERTIONS = NO;
				ENABLE_STRICT_OBJC_MSGSEND = YES;
				ENABLE_USER_SCRIPT_SANDBOXING = YES;
				GCC_C_LANGUAGE_STANDARD = gnu17;
				GCC_NO_COMMON_BLOCKS = YES;
				GCC_WARN_64_TO_32_BIT_CONVERSION = YES;
				GCC_WARN_ABOUT_RETURN_TYPE = YES_ERROR;
				GCC_WARN_UNDECLARED_SELECTOR = YES;
				GCC_WARN_UNINITIALIZED_AUTOS = YES_AGGRESSIVE;
				GCC_WARN_UNUSED_FUNCTION = YES;
				GCC_WARN_UNUSED_VARIABLE = YES;
				LOCALIZATION_PREFERS_STRING_CATALOGS = YES;
				MTL_ENABLE_DEBUG_INFO = NO;
				MTL_FAST_MATH = YES;
				SWIFT_COMPILATION_MODE = wholemodule;
			};
			name = Release;
		};
		1D858AEF2AE43C4B00FE6AC4 /* Debug */ = {
			isa = XCBuildConfiguration;
			buildSettings = {
				ASSETCATALOG_COMPILER_APPICON_NAME = AppIcon;
				ASSETCATALOG_COMPILER_GLOBAL_ACCENT_COLOR_NAME = AccentColor;
				CODE_SIGN_ENTITLEMENTS = TalkBook/TalkBook.entitlements;
				CODE_SIGN_STYLE = Automatic;
				CURRENT_PROJECT_VERSION = 1;
				DEVELOPMENT_ASSET_PATHS = "\"TalkBook/Preview Content\"";
				DEVELOPMENT_TEAM = 6P26T9HRBD;
				ENABLE_HARDENED_RUNTIME = YES;
				ENABLE_PREVIEWS = YES;
				GENERATE_INFOPLIST_FILE = YES;
				"INFOPLIST_KEY_UIApplicationSceneManifest_Generation[sdk=iphoneos*]" = YES;
				"INFOPLIST_KEY_UIApplicationSceneManifest_Generation[sdk=iphonesimulator*]" = YES;
				"INFOPLIST_KEY_UIApplicationSupportsIndirectInputEvents[sdk=iphoneos*]" = YES;
				"INFOPLIST_KEY_UIApplicationSupportsIndirectInputEvents[sdk=iphonesimulator*]" = YES;
				"INFOPLIST_KEY_UILaunchScreen_Generation[sdk=iphoneos*]" = YES;
				"INFOPLIST_KEY_UILaunchScreen_Generation[sdk=iphonesimulator*]" = YES;
				"INFOPLIST_KEY_UIStatusBarStyle[sdk=iphoneos*]" = UIStatusBarStyleDefault;
				"INFOPLIST_KEY_UIStatusBarStyle[sdk=iphonesimulator*]" = UIStatusBarStyleDefault;
				INFOPLIST_KEY_UISupportedInterfaceOrientations_iPad = "UIInterfaceOrientationPortrait UIInterfaceOrientationPortraitUpsideDown UIInterfaceOrientationLandscapeLeft UIInterfaceOrientationLandscapeRight";
				INFOPLIST_KEY_UISupportedInterfaceOrientations_iPhone = "UIInterfaceOrientationPortrait UIInterfaceOrientationLandscapeLeft UIInterfaceOrientationLandscapeRight";
				IPHONEOS_DEPLOYMENT_TARGET = 17.0;
				LD_RUNPATH_SEARCH_PATHS = "@executable_path/Frameworks";
				"LD_RUNPATH_SEARCH_PATHS[sdk=macosx*]" = "@executable_path/../Frameworks";
				MACOSX_DEPLOYMENT_TARGET = 14.0;
				MARKETING_VERSION = 1.0;
				PRODUCT_BUNDLE_IDENTIFIER = com.portonics.TalkBook;
				PRODUCT_NAME = "$(TARGET_NAME)";
				SDKROOT = auto;
				SUPPORTED_PLATFORMS = "iphoneos iphonesimulator macosx";
				SWIFT_EMIT_LOC_STRINGS = YES;
				SWIFT_VERSION = 5.0;
				TARGETED_DEVICE_FAMILY = "1,2";
			};
			name = Debug;
		};
		1D858AF02AE43C4B00FE6AC4 /* Release */ = {
			isa = XCBuildConfiguration;
			buildSettings = {
				ASSETCATALOG_COMPILER_APPICON_NAME = AppIcon;
				ASSETCATALOG_COMPILER_GLOBAL_ACCENT_COLOR_NAME = AccentColor;
				CODE_SIGN_ENTITLEMENTS = TalkBook/TalkBook.entitlements;
				CODE_SIGN_STYLE = Automatic;
				CURRENT_PROJECT_VERSION = 1;
				DEVELOPMENT_ASSET_PATHS = "\"TalkBook/Preview Content\"";
				DEVELOPMENT_TEAM = 6P26T9HRBD;
				ENABLE_HARDENED_RUNTIME = YES;
				ENABLE_PREVIEWS = YES;
				GENERATE_INFOPLIST_FILE = YES;
				"INFOPLIST_KEY_UIApplicationSceneManifest_Generation[sdk=iphoneos*]" = YES;
				"INFOPLIST_KEY_UIApplicationSceneManifest_Generation[sdk=iphonesimulator*]" = YES;
				"INFOPLIST_KEY_UIApplicationSupportsIndirectInputEvents[sdk=iphoneos*]" = YES;
				"INFOPLIST_KEY_UIApplicationSupportsIndirectInputEvents[sdk=iphonesimulator*]" = YES;
				"INFOPLIST_KEY_UILaunchScreen_Generation[sdk=iphoneos*]" = YES;
				"INFOPLIST_KEY_UILaunchScreen_Generation[sdk=iphonesimulator*]" = YES;
				"INFOPLIST_KEY_UIStatusBarStyle[sdk=iphoneos*]" = UIStatusBarStyleDefault;
				"INFOPLIST_KEY_UIStatusBarStyle[sdk=iphonesimulator*]" = UIStatusBarStyleDefault;
				INFOPLIST_KEY_UISupportedInterfaceOrientations_iPad = "UIInterfaceOrientationPortrait UIInterfaceOrientationPortraitUpsideDown UIInterfaceOrientationLandscapeLeft UIInterfaceOrientationLandscapeRight";
				INFOPLIST_KEY_UISupportedInterfaceOrientations_iPhone = "UIInterfaceOrientationPortrait UIInterfaceOrientationLandscapeLeft UIInterfaceOrientationLandscapeRight";
				IPHONEOS_DEPLOYMENT_TARGET = 17.0;
				LD_RUNPATH_SEARCH_PATHS = "@executable_path/Frameworks";
				"LD_RUNPATH_SEARCH_PATHS[sdk=macosx*]" = "@executable_path/../Frameworks";
				MACOSX_DEPLOYMENT_TARGET = 14.0;
				MARKETING_VERSION = 1.0;
				PRODUCT_BUNDLE_IDENTIFIER = com.portonics.TalkBook;
				PRODUCT_NAME = "$(TARGET_NAME)";
				SDKROOT = auto;
				SUPPORTED_PLATFORMS = "iphoneos iphonesimulator macosx";
				SWIFT_EMIT_LOC_STRINGS = YES;
				SWIFT_VERSION = 5.0;
				TARGETED_DEVICE_FAMILY = "1,2";
			};
			name = Release;
		};
		1D858AF22AE43C4B00FE6AC4 /* Debug */ = {
			isa = XCBuildConfiguration;
			buildSettings = {
				ALWAYS_EMBED_SWIFT_STANDARD_LIBRARIES = YES;
				BUNDLE_LOADER = "$(TEST_HOST)";
				CODE_SIGN_STYLE = Automatic;
				CURRENT_PROJECT_VERSION = 1;
				DEVELOPMENT_TEAM = 6P26T9HRBD;
				GENERATE_INFOPLIST_FILE = YES;
				IPHONEOS_DEPLOYMENT_TARGET = 17.0;
				MACOSX_DEPLOYMENT_TARGET = 14.0;
				MARKETING_VERSION = 1.0;
				PRODUCT_BUNDLE_IDENTIFIER = com.portonics.TalkBookTests;
				PRODUCT_NAME = "$(TARGET_NAME)";
				SDKROOT = auto;
				SUPPORTED_PLATFORMS = "iphoneos iphonesimulator macosx";
				SWIFT_EMIT_LOC_STRINGS = NO;
				SWIFT_VERSION = 5.0;
				TARGETED_DEVICE_FAMILY = "1,2";
				TEST_HOST = "$(BUILT_PRODUCTS_DIR)/TalkBook.app/$(BUNDLE_EXECUTABLE_FOLDER_PATH)/TalkBook";
			};
			name = Debug;
		};
		1D858AF32AE43C4B00FE6AC4 /* Release */ = {
			isa = XCBuildConfiguration;
			buildSettings = {
				ALWAYS_EMBED_SWIFT_STANDARD_LIBRARIES = YES;
				BUNDLE_LOADER = "$(TEST_HOST)";
				CODE_SIGN_STYLE = Automatic;
				CURRENT_PROJECT_VERSION = 1;
				DEVELOPMENT_TEAM = 6P26T9HRBD;
				GENERATE_INFOPLIST_FILE = YES;
				IPHONEOS_DEPLOYMENT_TARGET = 17.0;
				MACOSX_DEPLOYMENT_TARGET = 14.0;
				MARKETING_VERSION = 1.0;
				PRODUCT_BUNDLE_IDENTIFIER = com.portonics.TalkBookTests;
				PRODUCT_NAME = "$(TARGET_NAME)";
				SDKROOT = auto;
				SUPPORTED_PLATFORMS = "iphoneos iphonesimulator macosx";
				SWIFT_EMIT_LOC_STRINGS = NO;
				SWIFT_VERSION = 5.0;
				TARGETED_DEVICE_FAMILY = "1,2";
				TEST_HOST = "$(BUILT_PRODUCTS_DIR)/TalkBook.app/$(BUNDLE_EXECUTABLE_FOLDER_PATH)/TalkBook";
			};
			name = Release;
		};
		1D858AF52AE43C4B00FE6AC4 /* Debug */ = {
			isa = XCBuildConfiguration;
			buildSettings = {
				ALWAYS_EMBED_SWIFT_STANDARD_LIBRARIES = YES;
				CODE_SIGN_STYLE = Automatic;
				CURRENT_PROJECT_VERSION = 1;
				DEVELOPMENT_TEAM = 6P26T9HRBD;
				GENERATE_INFOPLIST_FILE = YES;
				IPHONEOS_DEPLOYMENT_TARGET = 17.0;
				MACOSX_DEPLOYMENT_TARGET = 14.0;
				MARKETING_VERSION = 1.0;
				PRODUCT_BUNDLE_IDENTIFIER = com.portonics.TalkBookUITests;
				PRODUCT_NAME = "$(TARGET_NAME)";
				SDKROOT = auto;
				SUPPORTED_PLATFORMS = "iphoneos iphonesimulator macosx";
				SWIFT_EMIT_LOC_STRINGS = NO;
				SWIFT_VERSION = 5.0;
				TARGETED_DEVICE_FAMILY = "1,2";
				TEST_TARGET_NAME = TalkBook;
			};
			name = Debug;
		};
		1D858AF62AE43C4B00FE6AC4 /* Release */ = {
			isa = XCBuildConfiguration;
			buildSettings = {
				ALWAYS_EMBED_SWIFT_STANDARD_LIBRARIES = YES;
				CODE_SIGN_STYLE = Automatic;
				CURRENT_PROJECT_VERSION = 1;
				DEVELOPMENT_TEAM = 6P26T9HRBD;
				GENERATE_INFOPLIST_FILE = YES;
				IPHONEOS_DEPLOYMENT_TARGET = 17.0;
				MACOSX_DEPLOYMENT_TARGET = 14.0;
				MARKETING_VERSION = 1.0;
				PRODUCT_BUNDLE_IDENTIFIER = com.portonics.TalkBookUITests;
				PRODUCT_NAME = "$(TARGET_NAME)";
				SDKROOT = auto;
				SUPPORTED_PLATFORMS = "iphoneos iphonesimulator macosx";
				SWIFT_EMIT_LOC_STRINGS = NO;
				SWIFT_VERSION = 5.0;
				TARGETED_DEVICE_FAMILY = "1,2";
				TEST_TARGET_NAME = TalkBook;
			};
			name = Release;
		};
/* End XCBuildConfiguration section */

/* Begin XCConfigurationList section */
		1D858AC42AE43C4800FE6AC4 /* Build configuration list for PBXProject "TalkBook" */ = {
			isa = XCConfigurationList;
			buildConfigurations = (
				1D858AEC2AE43C4B00FE6AC4 /* Debug */,
				1D858AED2AE43C4B00FE6AC4 /* Release */,
			);
			defaultConfigurationIsVisible = 0;
			defaultConfigurationName = Release;
		};
		1D858AEE2AE43C4B00FE6AC4 /* Build configuration list for PBXNativeTarget "TalkBook" */ = {
			isa = XCConfigurationList;
			buildConfigurations = (
				1D858AEF2AE43C4B00FE6AC4 /* Debug */,
				1D858AF02AE43C4B00FE6AC4 /* Release */,
			);
			defaultConfigurationIsVisible = 0;
			defaultConfigurationName = Release;
		};
		1D858AF12AE43C4B00FE6AC4 /* Build configuration list for PBXNativeTarget "TalkBookTests" */ = {
			isa = XCConfigurationList;
			buildConfigurations = (
				1D858AF22AE43C4B00FE6AC4 /* Debug */,
				1D858AF32AE43C4B00FE6AC4 /* Release */,
			);
			defaultConfigurationIsVisible = 0;
			defaultConfigurationName = Release;
		};
		1D858AF42AE43C4B00FE6AC4 /* Build configuration list for PBXNativeTarget "TalkBookUITests" */ = {
			isa = XCConfigurationList;
			buildConfigurations = (
				1D858AF52AE43C4B00FE6AC4 /* Debug */,
				1D858AF62AE43C4B00FE6AC4 /* Release */,
			);
			defaultConfigurationIsVisible = 0;
			defaultConfigurationName = Release;
		};
/* End XCConfigurationList section */
	};
	rootObject = 1D858AC12AE43C4800FE6AC4 /* Project object */;
}
