// !$*UTF8*$!
{
	archiveVersion = 1;
	classes = {
	};
	objectVersion = 56;
	objects = {

/* Begin PBXBuildFile section */
		1D1A2DD92AF12672001FD271 /* Cloudinary in Frameworks */ = {isa = PBXBuildFile; productRef = 1D1A2DD82AF12672001FD271 /* Cloudinary */; };
		1D1A2DDB2AF1361F001FD271 /* CloudinaryConfig.swift in Sources */ = {isa = PBXBuildFile; fileRef = 1D1A2DDA2AF1361F001FD271 /* CloudinaryConfig.swift */; };
		1D1A2DDD2AF1384C001FD271 /* CloudinaryUtility.swift in Sources */ = {isa = PBXBuildFile; fileRef = 1D1A2DDC2AF1384C001FD271 /* CloudinaryUtility.swift */; };
		1D1A2DE42AF147BB001FD271 /* FriendsView.swift in Sources */ = {isa = PBXBuildFile; fileRef = 1D1A2DE32AF147BB001FD271 /* FriendsView.swift */; };
		1D1A2DE62AF147C5001FD271 /* ProfileView.swift in Sources */ = {isa = PBXBuildFile; fileRef = 1D1A2DE52AF147C4001FD271 /* ProfileView.swift */; };
		1D1A2DE82AF147D0001FD271 /* NotificationsView.swift in Sources */ = {isa = PBXBuildFile; fileRef = 1D1A2DE72AF147D0001FD271 /* NotificationsView.swift */; };
		1D1A2DEA2AF147D7001FD271 /* MenuView.swift in Sources */ = {isa = PBXBuildFile; fileRef = 1D1A2DE92AF147D7001FD271 /* MenuView.swift */; };
		1D1A2DEC2AF1503A001FD271 /* HeaderView.swift in Sources */ = {isa = PBXBuildFile; fileRef = 1D1A2DEB2AF1503A001FD271 /* HeaderView.swift */; };
		1D1A2DEE2AF1625B001FD271 /* HeaderCreatePostView.swift in Sources */ = {isa = PBXBuildFile; fileRef = 1D1A2DED2AF1625B001FD271 /* HeaderCreatePostView.swift */; };
		1D1A2DF12AF179AC001FD271 /* SheetHeaderTopView.swift in Sources */ = {isa = PBXBuildFile; fileRef = 1D1A2DF02AF179AC001FD271 /* SheetHeaderTopView.swift */; };
		1D61295A2AEC3201003C3854 /* AppState.swift in Sources */ = {isa = PBXBuildFile; fileRef = 1D6129592AEC3201003C3854 /* AppState.swift */; };
		1D6129602AECCCA0003C3854 /* SplashScreen.swift in Sources */ = {isa = PBXBuildFile; fileRef = 1D61295F2AECCCA0003C3854 /* SplashScreen.swift */; };
		1D6129632AECCCCE003C3854 /* OnboardingScreen.swift in Sources */ = {isa = PBXBuildFile; fileRef = 1D6129622AECCCCE003C3854 /* OnboardingScreen.swift */; };
		1D61298A2AEECB6A003C3854 /* NetworkKit in Frameworks */ = {isa = PBXBuildFile; productRef = 1D6129892AEECB6A003C3854 /* NetworkKit */; };
		1D6CB71F2AEB66DB00CE713F /* Model.swift in Sources */ = {isa = PBXBuildFile; fileRef = 1D6CB6E52AEB66DB00CE713F /* Model.swift */; };
		1D6CB72B2AEB66DB00CE713F /* Provider.swift in Sources */ = {isa = PBXBuildFile; fileRef = 1D6CB6F42AEB66DB00CE713F /* Provider.swift */; };
		1D6CB7302AEB66DB00CE713F /* ApiURL.swift in Sources */ = {isa = PBXBuildFile; fileRef = 1D6CB6FA2AEB66DB00CE713F /* ApiURL.swift */; };
		1D6CB7322AEB66DB00CE713F /* ApiURL+Auth.swift in Sources */ = {isa = PBXBuildFile; fileRef = 1D6CB6FC2AEB66DB00CE713F /* ApiURL+Auth.swift */; };
		1D6CB7332AEB66DB00CE713F /* Maintenance.swift in Sources */ = {isa = PBXBuildFile; fileRef = 1D6CB6FE2AEB66DB00CE713F /* Maintenance.swift */; };
		1D6CB7422AEB66DB00CE713F /* User.swift in Sources */ = {isa = PBXBuildFile; fileRef = 1D6CB7102AEB66DB00CE713F /* User.swift */; };
		1D6CB7432AEB66DB00CE713F /* RequestToken.swift in Sources */ = {isa = PBXBuildFile; fileRef = 1D6CB7122AEB66DB00CE713F /* RequestToken.swift */; };
		1D6CB7442AEB66DB00CE713F /* LoginRequest.swift in Sources */ = {isa = PBXBuildFile; fileRef = 1D6CB7132AEB66DB00CE713F /* LoginRequest.swift */; };
		1D6CB7452AEB66DB00CE713F /* RequestSession.swift in Sources */ = {isa = PBXBuildFile; fileRef = 1D6CB7142AEB66DB00CE713F /* RequestSession.swift */; };
		1D6CB7462AEB66DB00CE713F /* SuccessModel.swift in Sources */ = {isa = PBXBuildFile; fileRef = 1D6CB7152AEB66DB00CE713F /* SuccessModel.swift */; };
		1D6CB7472AEB66DB00CE713F /* Account.swift in Sources */ = {isa = PBXBuildFile; fileRef = 1D6CB7172AEB66DB00CE713F /* Account.swift */; };
		1D6CB7482AEB66DB00CE713F /* TutorialModel.swift in Sources */ = {isa = PBXBuildFile; fileRef = 1D6CB7192AEB66DB00CE713F /* TutorialModel.swift */; };
		1D6CB74C2AEB66DB00CE713F /* DataKitError.swift in Sources */ = {isa = PBXBuildFile; fileRef = 1D6CB71E2AEB66DB00CE713F /* DataKitError.swift */; };
		1D6CB7552AEB687A00CE713F /* EnvironmentManager.swift in Sources */ = {isa = PBXBuildFile; fileRef = 1D6CB74F2AEB687A00CE713F /* EnvironmentManager.swift */; };
		1D6CB7562AEB687A00CE713F /* UserDefaultsManager.swift in Sources */ = {isa = PBXBuildFile; fileRef = 1D6CB7502AEB687A00CE713F /* UserDefaultsManager.swift */; };
		1D6CB7572AEB687A00CE713F /* RestApi.swift in Sources */ = {isa = PBXBuildFile; fileRef = 1D6CB7512AEB687A00CE713F /* RestApi.swift */; };
		1D6CB7582AEB687A00CE713F /* String+Unit.swift in Sources */ = {isa = PBXBuildFile; fileRef = 1D6CB7532AEB687A00CE713F /* String+Unit.swift */; };
		1D6CB7592AEB687A00CE713F /* AppCoreKit.swift in Sources */ = {isa = PBXBuildFile; fileRef = 1D6CB7542AEB687A00CE713F /* AppCoreKit.swift */; };
		1D6CB75D2AEB6F3C00CE713F /* ApiURL+Post.swift in Sources */ = {isa = PBXBuildFile; fileRef = 1D6CB75C2AEB6F3C00CE713F /* ApiURL+Post.swift */; };
		1D6CB7602AEB726700CE713F /* PostModel.swift in Sources */ = {isa = PBXBuildFile; fileRef = 1D6CB75F2AEB726600CE713F /* PostModel.swift */; };
		1D6CB7652AEB73AC00CE713F /* HomeVM.swift in Sources */ = {isa = PBXBuildFile; fileRef = 1D6CB7642AEB73AC00CE713F /* HomeVM.swift */; };
		1D6CB7702AEB7BE100CE713F /* KitBase in Frameworks */ = {isa = PBXBuildFile; productRef = 1D6CB76F2AEB7BE100CE713F /* KitBase */; };
		1D6CB7722AEB81A200CE713F /* Registration.swift in Sources */ = {isa = PBXBuildFile; fileRef = 1D6CB7712AEB81A200CE713F /* Registration.swift */; };
		1D858ACD2AE43C4800FE6AC4 /* TalkBookApp.swift in Sources */ = {isa = PBXBuildFile; fileRef = 1D858ACC2AE43C4800FE6AC4 /* TalkBookApp.swift */; };
		1D858ACF2AE43C4800FE6AC4 /* ContentView.swift in Sources */ = {isa = PBXBuildFile; fileRef = 1D858ACE2AE43C4800FE6AC4 /* ContentView.swift */; };
		1D858AD12AE43C4A00FE6AC4 /* Assets.xcassets in Resources */ = {isa = PBXBuildFile; fileRef = 1D858AD02AE43C4A00FE6AC4 /* Assets.xcassets */; };
		1D858AD52AE43C4A00FE6AC4 /* Preview Assets.xcassets in Resources */ = {isa = PBXBuildFile; fileRef = 1D858AD42AE43C4A00FE6AC4 /* Preview Assets.xcassets */; };
		1D858ADF2AE43C4A00FE6AC4 /* TalkBookTests.swift in Sources */ = {isa = PBXBuildFile; fileRef = 1D858ADE2AE43C4A00FE6AC4 /* TalkBookTests.swift */; };
		1D858AE92AE43C4A00FE6AC4 /* TalkBookUITests.swift in Sources */ = {isa = PBXBuildFile; fileRef = 1D858AE82AE43C4A00FE6AC4 /* TalkBookUITests.swift */; };
		1D858AEB2AE43C4B00FE6AC4 /* TalkBookUITestsLaunchTests.swift in Sources */ = {isa = PBXBuildFile; fileRef = 1D858AEA2AE43C4B00FE6AC4 /* TalkBookUITestsLaunchTests.swift */; };
		1D858AFC2AE4471B00FE6AC4 /* TabContainerView.swift in Sources */ = {isa = PBXBuildFile; fileRef = 1D858AFB2AE4471B00FE6AC4 /* TabContainerView.swift */; };
		1D858B012AE4476800FE6AC4 /* LoginView.swift in Sources */ = {isa = PBXBuildFile; fileRef = 1D858B002AE4476800FE6AC4 /* LoginView.swift */; };
		1D858B052AE4479600FE6AC4 /* RegistrationView.swift in Sources */ = {isa = PBXBuildFile; fileRef = 1D858B042AE4479600FE6AC4 /* RegistrationView.swift */; };
		1D858B072AE447A400FE6AC4 /* RegistrationVM.swift in Sources */ = {isa = PBXBuildFile; fileRef = 1D858B062AE447A400FE6AC4 /* RegistrationVM.swift */; };
		1D858B092AE447B900FE6AC4 /* LoginVM.swift in Sources */ = {isa = PBXBuildFile; fileRef = 1D858B082AE447B900FE6AC4 /* LoginVM.swift */; };
		1D858B0B2AE447E100FE6AC4 /* HomeView.swift in Sources */ = {isa = PBXBuildFile; fileRef = 1D858B0A2AE447E100FE6AC4 /* HomeView.swift */; };
/* End PBXBuildFile section */

/* Begin PBXContainerItemProxy section */
		1D858ADB2AE43C4A00FE6AC4 /* PBXContainerItemProxy */ = {
			isa = PBXContainerItemProxy;
			containerPortal = 1D858AC12AE43C4800FE6AC4 /* Project object */;
			proxyType = 1;
			remoteGlobalIDString = 1D858AC82AE43C4800FE6AC4;
			remoteInfo = TalkBook;
		};
		1D858AE52AE43C4A00FE6AC4 /* PBXContainerItemProxy */ = {
			isa = PBXContainerItemProxy;
			containerPortal = 1D858AC12AE43C4800FE6AC4 /* Project object */;
			proxyType = 1;
			remoteGlobalIDString = 1D858AC82AE43C4800FE6AC4;
			remoteInfo = TalkBook;
		};
/* End PBXContainerItemProxy section */

/* Begin PBXFileReference section */
		1D1A2DDA2AF1361F001FD271 /* CloudinaryConfig.swift */ = {isa = PBXFileReference; lastKnownFileType = sourcecode.swift; path = CloudinaryConfig.swift; sourceTree = "<group>"; };
		1D1A2DDC2AF1384C001FD271 /* CloudinaryUtility.swift */ = {isa = PBXFileReference; lastKnownFileType = sourcecode.swift; path = CloudinaryUtility.swift; sourceTree = "<group>"; };
		1D1A2DE32AF147BB001FD271 /* FriendsView.swift */ = {isa = PBXFileReference; lastKnownFileType = sourcecode.swift; path = FriendsView.swift; sourceTree = "<group>"; };
		1D1A2DE52AF147C4001FD271 /* ProfileView.swift */ = {isa = PBXFileReference; lastKnownFileType = sourcecode.swift; path = ProfileView.swift; sourceTree = "<group>"; };
		1D1A2DE72AF147D0001FD271 /* NotificationsView.swift */ = {isa = PBXFileReference; lastKnownFileType = sourcecode.swift; path = NotificationsView.swift; sourceTree = "<group>"; };
		1D1A2DE92AF147D7001FD271 /* MenuView.swift */ = {isa = PBXFileReference; lastKnownFileType = sourcecode.swift; path = MenuView.swift; sourceTree = "<group>"; };
		1D1A2DEB2AF1503A001FD271 /* HeaderView.swift */ = {isa = PBXFileReference; lastKnownFileType = sourcecode.swift; path = HeaderView.swift; sourceTree = "<group>"; };
		1D1A2DED2AF1625B001FD271 /* HeaderCreatePostView.swift */ = {isa = PBXFileReference; lastKnownFileType = sourcecode.swift; path = HeaderCreatePostView.swift; sourceTree = "<group>"; };
		1D1A2DF02AF179AC001FD271 /* SheetHeaderTopView.swift */ = {isa = PBXFileReference; lastKnownFileType = sourcecode.swift; path = SheetHeaderTopView.swift; sourceTree = "<group>"; };
		1D6129592AEC3201003C3854 /* AppState.swift */ = {isa = PBXFileReference; lastKnownFileType = sourcecode.swift; path = AppState.swift; sourceTree = "<group>"; };
		1D61295F2AECCCA0003C3854 /* SplashScreen.swift */ = {isa = PBXFileReference; lastKnownFileType = sourcecode.swift; path = SplashScreen.swift; sourceTree = "<group>"; };
		1D6129622AECCCCE003C3854 /* OnboardingScreen.swift */ = {isa = PBXFileReference; lastKnownFileType = sourcecode.swift; path = OnboardingScreen.swift; sourceTree = "<group>"; };
		1D6CB6E52AEB66DB00CE713F /* Model.swift */ = {isa = PBXFileReference; fileEncoding = 4; lastKnownFileType = sourcecode.swift; path = Model.swift; sourceTree = "<group>"; };
		1D6CB6F42AEB66DB00CE713F /* Provider.swift */ = {isa = PBXFileReference; fileEncoding = 4; lastKnownFileType = sourcecode.swift; path = Provider.swift; sourceTree = "<group>"; };
		1D6CB6FA2AEB66DB00CE713F /* ApiURL.swift */ = {isa = PBXFileReference; fileEncoding = 4; lastKnownFileType = sourcecode.swift; path = ApiURL.swift; sourceTree = "<group>"; };
		1D6CB6FC2AEB66DB00CE713F /* ApiURL+Auth.swift */ = {isa = PBXFileReference; fileEncoding = 4; lastKnownFileType = sourcecode.swift; path = "ApiURL+Auth.swift"; sourceTree = "<group>"; };
		1D6CB6FE2AEB66DB00CE713F /* Maintenance.swift */ = {isa = PBXFileReference; fileEncoding = 4; lastKnownFileType = sourcecode.swift; path = Maintenance.swift; sourceTree = "<group>"; };
		1D6CB7102AEB66DB00CE713F /* User.swift */ = {isa = PBXFileReference; fileEncoding = 4; lastKnownFileType = sourcecode.swift; path = User.swift; sourceTree = "<group>"; };
		1D6CB7122AEB66DB00CE713F /* RequestToken.swift */ = {isa = PBXFileReference; fileEncoding = 4; lastKnownFileType = sourcecode.swift; path = RequestToken.swift; sourceTree = "<group>"; };
		1D6CB7132AEB66DB00CE713F /* LoginRequest.swift */ = {isa = PBXFileReference; fileEncoding = 4; lastKnownFileType = sourcecode.swift; path = LoginRequest.swift; sourceTree = "<group>"; };
		1D6CB7142AEB66DB00CE713F /* RequestSession.swift */ = {isa = PBXFileReference; fileEncoding = 4; lastKnownFileType = sourcecode.swift; path = RequestSession.swift; sourceTree = "<group>"; };
		1D6CB7152AEB66DB00CE713F /* SuccessModel.swift */ = {isa = PBXFileReference; fileEncoding = 4; lastKnownFileType = sourcecode.swift; path = SuccessModel.swift; sourceTree = "<group>"; };
		1D6CB7172AEB66DB00CE713F /* Account.swift */ = {isa = PBXFileReference; fileEncoding = 4; lastKnownFileType = sourcecode.swift; path = Account.swift; sourceTree = "<group>"; };
		1D6CB7192AEB66DB00CE713F /* TutorialModel.swift */ = {isa = PBXFileReference; fileEncoding = 4; lastKnownFileType = sourcecode.swift; path = TutorialModel.swift; sourceTree = "<group>"; };
		1D6CB71E2AEB66DB00CE713F /* DataKitError.swift */ = {isa = PBXFileReference; fileEncoding = 4; lastKnownFileType = sourcecode.swift; path = DataKitError.swift; sourceTree = "<group>"; };
		1D6CB74F2AEB687A00CE713F /* EnvironmentManager.swift */ = {isa = PBXFileReference; fileEncoding = 4; lastKnownFileType = sourcecode.swift; path = EnvironmentManager.swift; sourceTree = "<group>"; };
		1D6CB7502AEB687A00CE713F /* UserDefaultsManager.swift */ = {isa = PBXFileReference; fileEncoding = 4; lastKnownFileType = sourcecode.swift; path = UserDefaultsManager.swift; sourceTree = "<group>"; };
		1D6CB7512AEB687A00CE713F /* RestApi.swift */ = {isa = PBXFileReference; fileEncoding = 4; lastKnownFileType = sourcecode.swift; path = RestApi.swift; sourceTree = "<group>"; };
		1D6CB7532AEB687A00CE713F /* String+Unit.swift */ = {isa = PBXFileReference; fileEncoding = 4; lastKnownFileType = sourcecode.swift; path = "String+Unit.swift"; sourceTree = "<group>"; };
		1D6CB7542AEB687A00CE713F /* AppCoreKit.swift */ = {isa = PBXFileReference; fileEncoding = 4; lastKnownFileType = sourcecode.swift; path = AppCoreKit.swift; sourceTree = "<group>"; };
		1D6CB75B2AEB696400CE713F /* Info.plist */ = {isa = PBXFileReference; lastKnownFileType = text.plist; path = Info.plist; sourceTree = "<group>"; };
		1D6CB75C2AEB6F3C00CE713F /* ApiURL+Post.swift */ = {isa = PBXFileReference; lastKnownFileType = sourcecode.swift; path = "ApiURL+Post.swift"; sourceTree = "<group>"; };
		1D6CB75F2AEB726600CE713F /* PostModel.swift */ = {isa = PBXFileReference; lastKnownFileType = sourcecode.swift; path = PostModel.swift; sourceTree = "<group>"; };
		1D6CB7642AEB73AC00CE713F /* HomeVM.swift */ = {isa = PBXFileReference; lastKnownFileType = sourcecode.swift; path = HomeVM.swift; sourceTree = "<group>"; };
		1D6CB7712AEB81A200CE713F /* Registration.swift */ = {isa = PBXFileReference; lastKnownFileType = sourcecode.swift; path = Registration.swift; sourceTree = "<group>"; };
		1D858AC92AE43C4800FE6AC4 /* TalkBook.app */ = {isa = PBXFileReference; explicitFileType = wrapper.application; includeInIndex = 0; path = TalkBook.app; sourceTree = BUILT_PRODUCTS_DIR; };
		1D858ACC2AE43C4800FE6AC4 /* TalkBookApp.swift */ = {isa = PBXFileReference; lastKnownFileType = sourcecode.swift; path = TalkBookApp.swift; sourceTree = "<group>"; };
		1D858ACE2AE43C4800FE6AC4 /* ContentView.swift */ = {isa = PBXFileReference; lastKnownFileType = sourcecode.swift; path = ContentView.swift; sourceTree = "<group>"; };
		1D858AD02AE43C4A00FE6AC4 /* Assets.xcassets */ = {isa = PBXFileReference; lastKnownFileType = folder.assetcatalog; path = Assets.xcassets; sourceTree = "<group>"; };
		1D858AD22AE43C4A00FE6AC4 /* TalkBook.entitlements */ = {isa = PBXFileReference; lastKnownFileType = text.plist.entitlements; path = TalkBook.entitlements; sourceTree = "<group>"; };
		1D858AD42AE43C4A00FE6AC4 /* Preview Assets.xcassets */ = {isa = PBXFileReference; lastKnownFileType = folder.assetcatalog; path = "Preview Assets.xcassets"; sourceTree = "<group>"; };
		1D858ADA2AE43C4A00FE6AC4 /* TalkBookTests.xctest */ = {isa = PBXFileReference; explicitFileType = wrapper.cfbundle; includeInIndex = 0; path = TalkBookTests.xctest; sourceTree = BUILT_PRODUCTS_DIR; };
		1D858ADE2AE43C4A00FE6AC4 /* TalkBookTests.swift */ = {isa = PBXFileReference; lastKnownFileType = sourcecode.swift; path = TalkBookTests.swift; sourceTree = "<group>"; };
		1D858AE42AE43C4A00FE6AC4 /* TalkBookUITests.xctest */ = {isa = PBXFileReference; explicitFileType = wrapper.cfbundle; includeInIndex = 0; path = TalkBookUITests.xctest; sourceTree = BUILT_PRODUCTS_DIR; };
		1D858AE82AE43C4A00FE6AC4 /* TalkBookUITests.swift */ = {isa = PBXFileReference; lastKnownFileType = sourcecode.swift; path = TalkBookUITests.swift; sourceTree = "<group>"; };
		1D858AEA2AE43C4B00FE6AC4 /* TalkBookUITestsLaunchTests.swift */ = {isa = PBXFileReference; lastKnownFileType = sourcecode.swift; path = TalkBookUITestsLaunchTests.swift; sourceTree = "<group>"; };
		1D858AFB2AE4471B00FE6AC4 /* TabContainerView.swift */ = {isa = PBXFileReference; lastKnownFileType = sourcecode.swift; path = TabContainerView.swift; sourceTree = "<group>"; };
		1D858B002AE4476800FE6AC4 /* LoginView.swift */ = {isa = PBXFileReference; lastKnownFileType = sourcecode.swift; path = LoginView.swift; sourceTree = "<group>"; };
		1D858B042AE4479600FE6AC4 /* RegistrationView.swift */ = {isa = PBXFileReference; lastKnownFileType = sourcecode.swift; path = RegistrationView.swift; sourceTree = "<group>"; };
		1D858B062AE447A400FE6AC4 /* RegistrationVM.swift */ = {isa = PBXFileReference; lastKnownFileType = sourcecode.swift; path = RegistrationVM.swift; sourceTree = "<group>"; };
		1D858B082AE447B900FE6AC4 /* LoginVM.swift */ = {isa = PBXFileReference; lastKnownFileType = sourcecode.swift; path = LoginVM.swift; sourceTree = "<group>"; };
		1D858B0A2AE447E100FE6AC4 /* HomeView.swift */ = {isa = PBXFileReference; lastKnownFileType = sourcecode.swift; path = HomeView.swift; sourceTree = "<group>"; };
/* End PBXFileReference section */

/* Begin PBXFrameworksBuildPhase section */
		1D858AC62AE43C4800FE6AC4 /* Frameworks */ = {
			isa = PBXFrameworksBuildPhase;
			buildActionMask = 2147483647;
			files = (
				1D61298A2AEECB6A003C3854 /* NetworkKit in Frameworks */,
				1D6CB7702AEB7BE100CE713F /* KitBase in Frameworks */,
				1D1A2DD92AF12672001FD271 /* Cloudinary in Frameworks */,
			);
			runOnlyForDeploymentPostprocessing = 0;
		};
		1D858AD72AE43C4A00FE6AC4 /* Frameworks */ = {
			isa = PBXFrameworksBuildPhase;
			buildActionMask = 2147483647;
			files = (
			);
			runOnlyForDeploymentPostprocessing = 0;
		};
		1D858AE12AE43C4A00FE6AC4 /* Frameworks */ = {
			isa = PBXFrameworksBuildPhase;
			buildActionMask = 2147483647;
			files = (
			);
			runOnlyForDeploymentPostprocessing = 0;
		};
/* End PBXFrameworksBuildPhase section */

/* Begin PBXGroup section */
		1D1A2DDE2AF14763001FD271 /* Home */ = {
			isa = PBXGroup;
			children = (
				1D1A2DDF2AF14769001FD271 /* HeaderView */,
			);
			path = Home;
			sourceTree = "<group>";
		};
		1D1A2DDF2AF14769001FD271 /* HeaderView */ = {
			isa = PBXGroup;
			children = (
				1D1A2DEB2AF1503A001FD271 /* HeaderView.swift */,
				1D1A2DED2AF1625B001FD271 /* HeaderCreatePostView.swift */,
			);
			path = HeaderView;
			sourceTree = "<group>";
		};
		1D1A2DE02AF1477F001FD271 /* Friends */ = {
			isa = PBXGroup;
			children = (
				1D1A2DE32AF147BB001FD271 /* FriendsView.swift */,
			);
			path = Friends;
			sourceTree = "<group>";
		};
		1D1A2DE12AF14792001FD271 /* Notifications */ = {
			isa = PBXGroup;
			children = (
				1D1A2DE72AF147D0001FD271 /* NotificationsView.swift */,
			);
			path = Notifications;
			sourceTree = "<group>";
		};
		1D1A2DE22AF1479D001FD271 /* Menu */ = {
			isa = PBXGroup;
			children = (
				1D1A2DE92AF147D7001FD271 /* MenuView.swift */,
			);
			path = Menu;
			sourceTree = "<group>";
		};
		1D1A2DEF2AF17980001FD271 /* Components */ = {
			isa = PBXGroup;
			children = (
				1D1A2DF02AF179AC001FD271 /* SheetHeaderTopView.swift */,
			);
			path = Components;
			sourceTree = "<group>";
		};
		1D6129582AEC31EE003C3854 /* AppState */ = {
			isa = PBXGroup;
			children = (
				1D6129592AEC3201003C3854 /* AppState.swift */,
			);
			path = AppState;
			sourceTree = "<group>";
		};
		1D61295D2AECCC89003C3854 /* OnBoard */ = {
			isa = PBXGroup;
			children = (
				1D6129622AECCCCE003C3854 /* OnboardingScreen.swift */,
			);
			path = OnBoard;
			sourceTree = "<group>";
		};
		1D61295E2AECCC8F003C3854 /* Splash */ = {
			isa = PBXGroup;
			children = (
				1D61295F2AECCCA0003C3854 /* SplashScreen.swift */,
			);
			path = Splash;
			sourceTree = "<group>";
		};
		1D6CB6E32AEB66DB00CE713F /* NetworkData */ = {
			isa = PBXGroup;
			children = (
				1D6CB6F32AEB66DB00CE713F /* Manager */,
				1D6CB6F52AEB66DB00CE713F /* ApiURL */,
				1D6CB6FD2AEB66DB00CE713F /* Model */,
			);
			path = NetworkData;
			sourceTree = "<group>";
		};
		1D6CB6F32AEB66DB00CE713F /* Manager */ = {
			isa = PBXGroup;
			children = (
				1D6CB6F42AEB66DB00CE713F /* Provider.swift */,
			);
			path = Manager;
			sourceTree = "<group>";
		};
		1D6CB6F52AEB66DB00CE713F /* ApiURL */ = {
			isa = PBXGroup;
			children = (
				1D6CB6FA2AEB66DB00CE713F /* ApiURL.swift */,
				1D6CB6FC2AEB66DB00CE713F /* ApiURL+Auth.swift */,
				1D6CB75C2AEB6F3C00CE713F /* ApiURL+Post.swift */,
			);
			path = ApiURL;
			sourceTree = "<group>";
		};
		1D6CB6FD2AEB66DB00CE713F /* Model */ = {
			isa = PBXGroup;
			children = (
				1D6CB6E52AEB66DB00CE713F /* Model.swift */,
				1D6CB75E2AEB725900CE713F /* Post */,
				1D6CB6FE2AEB66DB00CE713F /* Maintenance.swift */,
				1D6CB70E2AEB66DB00CE713F /* Auth */,
				1D6CB7182AEB66DB00CE713F /* Common */,
				1D6CB71E2AEB66DB00CE713F /* DataKitError.swift */,
			);
			path = Model;
			sourceTree = "<group>";
		};
		1D6CB70E2AEB66DB00CE713F /* Auth */ = {
			isa = PBXGroup;
			children = (
				1D6CB70F2AEB66DB00CE713F /* Response */,
				1D6CB7102AEB66DB00CE713F /* User.swift */,
				1D6CB7112AEB66DB00CE713F /* Request */,
				1D6CB7162AEB66DB00CE713F /* Account */,
				1D6CB7712AEB81A200CE713F /* Registration.swift */,
			);
			path = Auth;
			sourceTree = "<group>";
		};
		1D6CB70F2AEB66DB00CE713F /* Response */ = {
			isa = PBXGroup;
			children = (
			);
			path = Response;
			sourceTree = "<group>";
		};
		1D6CB7112AEB66DB00CE713F /* Request */ = {
			isa = PBXGroup;
			children = (
				1D6CB7122AEB66DB00CE713F /* RequestToken.swift */,
				1D6CB7132AEB66DB00CE713F /* LoginRequest.swift */,
				1D6CB7142AEB66DB00CE713F /* RequestSession.swift */,
				1D6CB7152AEB66DB00CE713F /* SuccessModel.swift */,
			);
			path = Request;
			sourceTree = "<group>";
		};
		1D6CB7162AEB66DB00CE713F /* Account */ = {
			isa = PBXGroup;
			children = (
				1D6CB7172AEB66DB00CE713F /* Account.swift */,
			);
			path = Account;
			sourceTree = "<group>";
		};
		1D6CB7182AEB66DB00CE713F /* Common */ = {
			isa = PBXGroup;
			children = (
				1D6CB7192AEB66DB00CE713F /* TutorialModel.swift */,
			);
			path = Common;
			sourceTree = "<group>";
		};
		1D6CB74E2AEB687A00CE713F /* AppKit */ = {
			isa = PBXGroup;
			children = (
				1D6CB7542AEB687A00CE713F /* AppCoreKit.swift */,
				1D6CB75A2AEB68AC00CE713F /* Environment */,
				1D6CB7522AEB687A00CE713F /* Protocol */,
				1D6CB7532AEB687A00CE713F /* String+Unit.swift */,
			);
			path = AppKit;
			sourceTree = "<group>";
		};
		1D6CB7522AEB687A00CE713F /* Protocol */ = {
			isa = PBXGroup;
			children = (
			);
			path = Protocol;
			sourceTree = "<group>";
		};
		1D6CB75A2AEB68AC00CE713F /* Environment */ = {
			isa = PBXGroup;
			children = (
				1D6CB74F2AEB687A00CE713F /* EnvironmentManager.swift */,
				1D6CB7502AEB687A00CE713F /* UserDefaultsManager.swift */,
				1D6CB7512AEB687A00CE713F /* RestApi.swift */,
				1D1A2DDA2AF1361F001FD271 /* CloudinaryConfig.swift */,
				1D1A2DDC2AF1384C001FD271 /* CloudinaryUtility.swift */,
			);
			path = Environment;
			sourceTree = "<group>";
		};
		1D6CB75E2AEB725900CE713F /* Post */ = {
			isa = PBXGroup;
			children = (
				1D6CB75F2AEB726600CE713F /* PostModel.swift */,
			);
			path = Post;
			sourceTree = "<group>";
		};
		1D858AC02AE43C4800FE6AC4 = {
			isa = PBXGroup;
			children = (
				1D858ACB2AE43C4800FE6AC4 /* TalkBook */,
				1D858ADD2AE43C4A00FE6AC4 /* TalkBookTests */,
				1D858AE72AE43C4A00FE6AC4 /* TalkBookUITests */,
				1D858ACA2AE43C4800FE6AC4 /* Products */,
			);
			sourceTree = "<group>";
		};
		1D858ACA2AE43C4800FE6AC4 /* Products */ = {
			isa = PBXGroup;
			children = (
				1D858AC92AE43C4800FE6AC4 /* TalkBook.app */,
				1D858ADA2AE43C4A00FE6AC4 /* TalkBookTests.xctest */,
				1D858AE42AE43C4A00FE6AC4 /* TalkBookUITests.xctest */,
			);
			name = Products;
			sourceTree = "<group>";
		};
		1D858ACB2AE43C4800FE6AC4 /* TalkBook */ = {
			isa = PBXGroup;
			children = (
				1D6CB75B2AEB696400CE713F /* Info.plist */,
				1D6129582AEC31EE003C3854 /* AppState */,
				1D858AF82AE446C400FE6AC4 /* App */,
				1D858AFA2AE4470100FE6AC4 /* Platform */,
				1D858AF72AE446B600FE6AC4 /* Feature */,
				1D858B0C2AE4485A00FE6AC4 /* Kit */,
				1D858AD22AE43C4A00FE6AC4 /* TalkBook.entitlements */,
				1D858AD32AE43C4A00FE6AC4 /* Preview Content */,
			);
			path = TalkBook;
			sourceTree = "<group>";
		};
		1D858AD32AE43C4A00FE6AC4 /* Preview Content */ = {
			isa = PBXGroup;
			children = (
				1D858AD42AE43C4A00FE6AC4 /* Preview Assets.xcassets */,
			);
			path = "Preview Content";
			sourceTree = "<group>";
		};
		1D858ADD2AE43C4A00FE6AC4 /* TalkBookTests */ = {
			isa = PBXGroup;
			children = (
				1D858ADE2AE43C4A00FE6AC4 /* TalkBookTests.swift */,
			);
			path = TalkBookTests;
			sourceTree = "<group>";
		};
		1D858AE72AE43C4A00FE6AC4 /* TalkBookUITests */ = {
			isa = PBXGroup;
			children = (
				1D858AE82AE43C4A00FE6AC4 /* TalkBookUITests.swift */,
				1D858AEA2AE43C4B00FE6AC4 /* TalkBookUITestsLaunchTests.swift */,
			);
			path = TalkBookUITests;
			sourceTree = "<group>";
		};
		1D858AF72AE446B600FE6AC4 /* Feature */ = {
			isa = PBXGroup;
			children = (
				1D61295E2AECCC8F003C3854 /* Splash */,
				1D61295D2AECCC89003C3854 /* OnBoard */,
				1D858AFF2AE4475400FE6AC4 /* Auth */,
			);
			path = Feature;
			sourceTree = "<group>";
		};
		1D858AF82AE446C400FE6AC4 /* App */ = {
			isa = PBXGroup;
			children = (
				1D858ACC2AE43C4800FE6AC4 /* TalkBookApp.swift */,
				1D858ACE2AE43C4800FE6AC4 /* ContentView.swift */,
				1D858AD02AE43C4A00FE6AC4 /* Assets.xcassets */,
			);
			path = App;
			sourceTree = "<group>";
		};
		1D858AFA2AE4470100FE6AC4 /* Platform */ = {
			isa = PBXGroup;
			children = (
				1D858AFB2AE4471B00FE6AC4 /* TabContainerView.swift */,
				1D858AFD2AE4472500FE6AC4 /* Home */,
				1D1A2DE02AF1477F001FD271 /* Friends */,
				1D858AFE2AE4472D00FE6AC4 /* Profile */,
				1D1A2DE12AF14792001FD271 /* Notifications */,
				1D1A2DE22AF1479D001FD271 /* Menu */,
			);
			path = Platform;
			sourceTree = "<group>";
		};
		1D858AFD2AE4472500FE6AC4 /* Home */ = {
			isa = PBXGroup;
			children = (
				1D858B0A2AE447E100FE6AC4 /* HomeView.swift */,
				1D6CB7642AEB73AC00CE713F /* HomeVM.swift */,
			);
			path = Home;
			sourceTree = "<group>";
		};
		1D858AFE2AE4472D00FE6AC4 /* Profile */ = {
			isa = PBXGroup;
			children = (
				1D1A2DE52AF147C4001FD271 /* ProfileView.swift */,
			);
			path = Profile;
			sourceTree = "<group>";
		};
		1D858AFF2AE4475400FE6AC4 /* Auth */ = {
			isa = PBXGroup;
			children = (
				1D858B032AE4477700FE6AC4 /* Registration */,
				1D858B022AE4476E00FE6AC4 /* Login */,
			);
			path = Auth;
			sourceTree = "<group>";
		};
		1D858B022AE4476E00FE6AC4 /* Login */ = {
			isa = PBXGroup;
			children = (
				1D858B002AE4476800FE6AC4 /* LoginView.swift */,
				1D858B082AE447B900FE6AC4 /* LoginVM.swift */,
			);
			path = Login;
			sourceTree = "<group>";
		};
		1D858B032AE4477700FE6AC4 /* Registration */ = {
			isa = PBXGroup;
			children = (
				1D858B042AE4479600FE6AC4 /* RegistrationView.swift */,
				1D858B062AE447A400FE6AC4 /* RegistrationVM.swift */,
			);
			path = Registration;
			sourceTree = "<group>";
		};
		1D858B0C2AE4485A00FE6AC4 /* Kit */ = {
			isa = PBXGroup;
			children = (
				1D6CB74E2AEB687A00CE713F /* AppKit */,
				1D858B0D2AE4489B00FE6AC4 /* DesignKit */,
				1D6CB6E32AEB66DB00CE713F /* NetworkData */,
			);
			path = Kit;
			sourceTree = "<group>";
		};
		1D858B0D2AE4489B00FE6AC4 /* DesignKit */ = {
			isa = PBXGroup;
			children = (
				1D1A2DEF2AF17980001FD271 /* Components */,
				1D1A2DDE2AF14763001FD271 /* Home */,
			);
			path = DesignKit;
			sourceTree = "<group>";
		};
/* End PBXGroup section */

/* Begin PBXNativeTarget section */
		1D858AC82AE43C4800FE6AC4 /* TalkBook */ = {
			isa = PBXNativeTarget;
			buildConfigurationList = 1D858AEE2AE43C4B00FE6AC4 /* Build configuration list for PBXNativeTarget "TalkBook" */;
			buildPhases = (
				1D858AC52AE43C4800FE6AC4 /* Sources */,
				1D858AC62AE43C4800FE6AC4 /* Frameworks */,
				1D858AC72AE43C4800FE6AC4 /* Resources */,
			);
			buildRules = (
			);
			dependencies = (
			);
			name = TalkBook;
			packageProductDependencies = (
				1D6CB76F2AEB7BE100CE713F /* KitBase */,
				1D6129892AEECB6A003C3854 /* NetworkKit */,
				1D1A2DD82AF12672001FD271 /* Cloudinary */,
			);
			productName = TalkBook;
			productReference = 1D858AC92AE43C4800FE6AC4 /* TalkBook.app */;
			productType = "com.apple.product-type.application";
		};
		1D858AD92AE43C4A00FE6AC4 /* TalkBookTests */ = {
			isa = PBXNativeTarget;
			buildConfigurationList = 1D858AF12AE43C4B00FE6AC4 /* Build configuration list for PBXNativeTarget "TalkBookTests" */;
			buildPhases = (
				1D858AD62AE43C4A00FE6AC4 /* Sources */,
				1D858AD72AE43C4A00FE6AC4 /* Frameworks */,
				1D858AD82AE43C4A00FE6AC4 /* Resources */,
			);
			buildRules = (
			);
			dependencies = (
				1D858ADC2AE43C4A00FE6AC4 /* PBXTargetDependency */,
			);
			name = TalkBookTests;
			productName = TalkBookTests;
			productReference = 1D858ADA2AE43C4A00FE6AC4 /* TalkBookTests.xctest */;
			productType = "com.apple.product-type.bundle.unit-test";
		};
		1D858AE32AE43C4A00FE6AC4 /* TalkBookUITests */ = {
			isa = PBXNativeTarget;
			buildConfigurationList = 1D858AF42AE43C4B00FE6AC4 /* Build configuration list for PBXNativeTarget "TalkBookUITests" */;
			buildPhases = (
				1D858AE02AE43C4A00FE6AC4 /* Sources */,
				1D858AE12AE43C4A00FE6AC4 /* Frameworks */,
				1D858AE22AE43C4A00FE6AC4 /* Resources */,
			);
			buildRules = (
			);
			dependencies = (
				1D858AE62AE43C4A00FE6AC4 /* PBXTargetDependency */,
			);
			name = TalkBookUITests;
			productName = TalkBookUITests;
			productReference = 1D858AE42AE43C4A00FE6AC4 /* TalkBookUITests.xctest */;
			productType = "com.apple.product-type.bundle.ui-testing";
		};
/* End PBXNativeTarget section */

/* Begin PBXProject section */
		1D858AC12AE43C4800FE6AC4 /* Project object */ = {
			isa = PBXProject;
			attributes = {
				BuildIndependentTargetsInParallel = 1;
				LastSwiftUpdateCheck = 1500;
				LastUpgradeCheck = 1500;
				TargetAttributes = {
					1D858AC82AE43C4800FE6AC4 = {
						CreatedOnToolsVersion = 15.0.1;
					};
					1D858AD92AE43C4A00FE6AC4 = {
						CreatedOnToolsVersion = 15.0.1;
						TestTargetID = 1D858AC82AE43C4800FE6AC4;
					};
					1D858AE32AE43C4A00FE6AC4 = {
						CreatedOnToolsVersion = 15.0.1;
						TestTargetID = 1D858AC82AE43C4800FE6AC4;
					};
				};
			};
			buildConfigurationList = 1D858AC42AE43C4800FE6AC4 /* Build configuration list for PBXProject "TalkBook" */;
			compatibilityVersion = "Xcode 14.0";
			developmentRegion = en;
			hasScannedForEncodings = 0;
			knownRegions = (
				en,
				Base,
			);
			mainGroup = 1D858AC02AE43C4800FE6AC4;
			packageReferences = (
				1D6CB76E2AEB7BE100CE713F /* XCRemoteSwiftPackageReference "KitBase" */,
				1D6129882AEECB6A003C3854 /* XCRemoteSwiftPackageReference "NetworkKit" */,
				1D1A2DD72AF12672001FD271 /* XCRemoteSwiftPackageReference "cloudinary_ios" */,
			);
			productRefGroup = 1D858ACA2AE43C4800FE6AC4 /* Products */;
			projectDirPath = "";
			projectRoot = "";
			targets = (
				1D858AC82AE43C4800FE6AC4 /* TalkBook */,
				1D858AD92AE43C4A00FE6AC4 /* TalkBookTests */,
				1D858AE32AE43C4A00FE6AC4 /* TalkBookUITests */,
			);
		};
/* End PBXProject section */

/* Begin PBXResourcesBuildPhase section */
		1D858AC72AE43C4800FE6AC4 /* Resources */ = {
			isa = PBXResourcesBuildPhase;
			buildActionMask = 2147483647;
			files = (
				1D858AD52AE43C4A00FE6AC4 /* Preview Assets.xcassets in Resources */,
				1D858AD12AE43C4A00FE6AC4 /* Assets.xcassets in Resources */,
			);
			runOnlyForDeploymentPostprocessing = 0;
		};
		1D858AD82AE43C4A00FE6AC4 /* Resources */ = {
			isa = PBXResourcesBuildPhase;
			buildActionMask = 2147483647;
			files = (
			);
			runOnlyForDeploymentPostprocessing = 0;
		};
		1D858AE22AE43C4A00FE6AC4 /* Resources */ = {
			isa = PBXResourcesBuildPhase;
			buildActionMask = 2147483647;
			files = (
			);
			runOnlyForDeploymentPostprocessing = 0;
		};
/* End PBXResourcesBuildPhase section */

/* Begin PBXSourcesBuildPhase section */
		1D858AC52AE43C4800FE6AC4 /* Sources */ = {
			isa = PBXSourcesBuildPhase;
			buildActionMask = 2147483647;
			files = (
				1D6CB71F2AEB66DB00CE713F /* Model.swift in Sources */,
				1D6CB7552AEB687A00CE713F /* EnvironmentManager.swift in Sources */,
				1D1A2DDD2AF1384C001FD271 /* CloudinaryUtility.swift in Sources */,
				1D858B092AE447B900FE6AC4 /* LoginVM.swift in Sources */,
				1D6CB7482AEB66DB00CE713F /* TutorialModel.swift in Sources */,
				1D1A2DE82AF147D0001FD271 /* NotificationsView.swift in Sources */,
				1D858AFC2AE4471B00FE6AC4 /* TabContainerView.swift in Sources */,
				1D1A2DEA2AF147D7001FD271 /* MenuView.swift in Sources */,
				1D1A2DE62AF147C5001FD271 /* ProfileView.swift in Sources */,
				1D6CB7442AEB66DB00CE713F /* LoginRequest.swift in Sources */,
				1D6CB7302AEB66DB00CE713F /* ApiURL.swift in Sources */,
				1D6CB7432AEB66DB00CE713F /* RequestToken.swift in Sources */,
				1D6CB7722AEB81A200CE713F /* Registration.swift in Sources */,
				1D1A2DF12AF179AC001FD271 /* SheetHeaderTopView.swift in Sources */,
				1D6CB75D2AEB6F3C00CE713F /* ApiURL+Post.swift in Sources */,
				1D6CB7602AEB726700CE713F /* PostModel.swift in Sources */,
				1D1A2DEC2AF1503A001FD271 /* HeaderView.swift in Sources */,
				1D61295A2AEC3201003C3854 /* AppState.swift in Sources */,
				1D6CB74C2AEB66DB00CE713F /* DataKitError.swift in Sources */,
				1D858ACF2AE43C4800FE6AC4 /* ContentView.swift in Sources */,
				1D6CB7572AEB687A00CE713F /* RestApi.swift in Sources */,
				1D6CB7462AEB66DB00CE713F /* SuccessModel.swift in Sources */,
				1D6129632AECCCCE003C3854 /* OnboardingScreen.swift in Sources */,
				1D6CB7322AEB66DB00CE713F /* ApiURL+Auth.swift in Sources */,
				1D1A2DEE2AF1625B001FD271 /* HeaderCreatePostView.swift in Sources */,
				1D858B012AE4476800FE6AC4 /* LoginView.swift in Sources */,
				1D6CB7472AEB66DB00CE713F /* Account.swift in Sources */,
				1D6CB7332AEB66DB00CE713F /* Maintenance.swift in Sources */,
				1D1A2DDB2AF1361F001FD271 /* CloudinaryConfig.swift in Sources */,
				1D6129602AECCCA0003C3854 /* SplashScreen.swift in Sources */,
				1D858ACD2AE43C4800FE6AC4 /* TalkBookApp.swift in Sources */,
				1D6CB7562AEB687A00CE713F /* UserDefaultsManager.swift in Sources */,
				1D858B0B2AE447E100FE6AC4 /* HomeView.swift in Sources */,
				1D6CB7452AEB66DB00CE713F /* RequestSession.swift in Sources */,
				1D6CB72B2AEB66DB00CE713F /* Provider.swift in Sources */,
				1D6CB7422AEB66DB00CE713F /* User.swift in Sources */,
				1D1A2DE42AF147BB001FD271 /* FriendsView.swift in Sources */,
				1D858B052AE4479600FE6AC4 /* RegistrationView.swift in Sources */,
				1D6CB7582AEB687A00CE713F /* String+Unit.swift in Sources */,
				1D6CB7592AEB687A00CE713F /* AppCoreKit.swift in Sources */,
				1D6CB7652AEB73AC00CE713F /* HomeVM.swift in Sources */,
				1D858B072AE447A400FE6AC4 /* RegistrationVM.swift in Sources */,
			);
			runOnlyForDeploymentPostprocessing = 0;
		};
		1D858AD62AE43C4A00FE6AC4 /* Sources */ = {
			isa = PBXSourcesBuildPhase;
			buildActionMask = 2147483647;
			files = (
				1D858ADF2AE43C4A00FE6AC4 /* TalkBookTests.swift in Sources */,
			);
			runOnlyForDeploymentPostprocessing = 0;
		};
		1D858AE02AE43C4A00FE6AC4 /* Sources */ = {
			isa = PBXSourcesBuildPhase;
			buildActionMask = 2147483647;
			files = (
				1D858AEB2AE43C4B00FE6AC4 /* TalkBookUITestsLaunchTests.swift in Sources */,
				1D858AE92AE43C4A00FE6AC4 /* TalkBookUITests.swift in Sources */,
			);
			runOnlyForDeploymentPostprocessing = 0;
		};
/* End PBXSourcesBuildPhase section */

/* Begin PBXTargetDependency section */
		1D858ADC2AE43C4A00FE6AC4 /* PBXTargetDependency */ = {
			isa = PBXTargetDependency;
			target = 1D858AC82AE43C4800FE6AC4 /* TalkBook */;
			targetProxy = 1D858ADB2AE43C4A00FE6AC4 /* PBXContainerItemProxy */;
		};
		1D858AE62AE43C4A00FE6AC4 /* PBXTargetDependency */ = {
			isa = PBXTargetDependency;
			target = 1D858AC82AE43C4800FE6AC4 /* TalkBook */;
			targetProxy = 1D858AE52AE43C4A00FE6AC4 /* PBXContainerItemProxy */;
		};
/* End PBXTargetDependency section */

/* Begin XCBuildConfiguration section */
		1D858AEC2AE43C4B00FE6AC4 /* Debug */ = {
			isa = XCBuildConfiguration;
			buildSettings = {
				ALWAYS_SEARCH_USER_PATHS = NO;
				ASSETCATALOG_COMPILER_GENERATE_SWIFT_ASSET_SYMBOL_EXTENSIONS = YES;
				CLANG_ANALYZER_NONNULL = YES;
				CLANG_ANALYZER_NUMBER_OBJECT_CONVERSION = YES_AGGRESSIVE;
				CLANG_CXX_LANGUAGE_STANDARD = "gnu++20";
				CLANG_ENABLE_MODULES = YES;
				CLANG_ENABLE_OBJC_ARC = YES;
				CLANG_ENABLE_OBJC_WEAK = YES;
				CLANG_WARN_BLOCK_CAPTURE_AUTORELEASING = YES;
				CLANG_WARN_BOOL_CONVERSION = YES;
				CLANG_WARN_COMMA = YES;
				CLANG_WARN_CONSTANT_CONVERSION = YES;
				CLANG_WARN_DEPRECATED_OBJC_IMPLEMENTATIONS = YES;
				CLANG_WARN_DIRECT_OBJC_ISA_USAGE = YES_ERROR;
				CLANG_WARN_DOCUMENTATION_COMMENTS = YES;
				CLANG_WARN_EMPTY_BODY = YES;
				CLANG_WARN_ENUM_CONVERSION = YES;
				CLANG_WARN_INFINITE_RECURSION = YES;
				CLANG_WARN_INT_CONVERSION = YES;
				CLANG_WARN_NON_LITERAL_NULL_CONVERSION = YES;
				CLANG_WARN_OBJC_IMPLICIT_RETAIN_SELF = YES;
				CLANG_WARN_OBJC_LITERAL_CONVERSION = YES;
				CLANG_WARN_OBJC_ROOT_CLASS = YES_ERROR;
				CLANG_WARN_QUOTED_INCLUDE_IN_FRAMEWORK_HEADER = YES;
				CLANG_WARN_RANGE_LOOP_ANALYSIS = YES;
				CLANG_WARN_STRICT_PROTOTYPES = YES;
				CLANG_WARN_SUSPICIOUS_MOVE = YES;
				CLANG_WARN_UNGUARDED_AVAILABILITY = YES_AGGRESSIVE;
				CLANG_WARN_UNREACHABLE_CODE = YES;
				CLANG_WARN__DUPLICATE_METHOD_MATCH = YES;
				COPY_PHASE_STRIP = NO;
				DEBUG_INFORMATION_FORMAT = dwarf;
				ENABLE_STRICT_OBJC_MSGSEND = YES;
				ENABLE_TESTABILITY = YES;
				ENABLE_USER_SCRIPT_SANDBOXING = YES;
				GCC_C_LANGUAGE_STANDARD = gnu17;
				GCC_DYNAMIC_NO_PIC = NO;
				GCC_NO_COMMON_BLOCKS = YES;
				GCC_OPTIMIZATION_LEVEL = 0;
				GCC_PREPROCESSOR_DEFINITIONS = (
					"DEBUG=1",
					"$(inherited)",
				);
				GCC_WARN_64_TO_32_BIT_CONVERSION = YES;
				GCC_WARN_ABOUT_RETURN_TYPE = YES_ERROR;
				GCC_WARN_UNDECLARED_SELECTOR = YES;
				GCC_WARN_UNINITIALIZED_AUTOS = YES_AGGRESSIVE;
				GCC_WARN_UNUSED_FUNCTION = YES;
				GCC_WARN_UNUSED_VARIABLE = YES;
				LOCALIZATION_PREFERS_STRING_CATALOGS = YES;
				MTL_ENABLE_DEBUG_INFO = INCLUDE_SOURCE;
				MTL_FAST_MATH = YES;
				ONLY_ACTIVE_ARCH = YES;
				SWIFT_ACTIVE_COMPILATION_CONDITIONS = "DEBUG $(inherited)";
				SWIFT_OPTIMIZATION_LEVEL = "-Onone";
			};
			name = Debug;
		};
		1D858AED2AE43C4B00FE6AC4 /* Release */ = {
			isa = XCBuildConfiguration;
			buildSettings = {
				ALWAYS_SEARCH_USER_PATHS = NO;
				ASSETCATALOG_COMPILER_GENERATE_SWIFT_ASSET_SYMBOL_EXTENSIONS = YES;
				CLANG_ANALYZER_NONNULL = YES;
				CLANG_ANALYZER_NUMBER_OBJECT_CONVERSION = YES_AGGRESSIVE;
				CLANG_CXX_LANGUAGE_STANDARD = "gnu++20";
				CLANG_ENABLE_MODULES = YES;
				CLANG_ENABLE_OBJC_ARC = YES;
				CLANG_ENABLE_OBJC_WEAK = YES;
				CLANG_WARN_BLOCK_CAPTURE_AUTORELEASING = YES;
				CLANG_WARN_BOOL_CONVERSION = YES;
				CLANG_WARN_COMMA = YES;
				CLANG_WARN_CONSTANT_CONVERSION = YES;
				CLANG_WARN_DEPRECATED_OBJC_IMPLEMENTATIONS = YES;
				CLANG_WARN_DIRECT_OBJC_ISA_USAGE = YES_ERROR;
				CLANG_WARN_DOCUMENTATION_COMMENTS = YES;
				CLANG_WARN_EMPTY_BODY = YES;
				CLANG_WARN_ENUM_CONVERSION = YES;
				CLANG_WARN_INFINITE_RECURSION = YES;
				CLANG_WARN_INT_CONVERSION = YES;
				CLANG_WARN_NON_LITERAL_NULL_CONVERSION = YES;
				CLANG_WARN_OBJC_IMPLICIT_RETAIN_SELF = YES;
				CLANG_WARN_OBJC_LITERAL_CONVERSION = YES;
				CLANG_WARN_OBJC_ROOT_CLASS = YES_ERROR;
				CLANG_WARN_QUOTED_INCLUDE_IN_FRAMEWORK_HEADER = YES;
				CLANG_WARN_RANGE_LOOP_ANALYSIS = YES;
				CLANG_WARN_STRICT_PROTOTYPES = YES;
				CLANG_WARN_SUSPICIOUS_MOVE = YES;
				CLANG_WARN_UNGUARDED_AVAILABILITY = YES_AGGRESSIVE;
				CLANG_WARN_UNREACHABLE_CODE = YES;
				CLANG_WARN__DUPLICATE_METHOD_MATCH = YES;
				COPY_PHASE_STRIP = NO;
				DEBUG_INFORMATION_FORMAT = "dwarf-with-dsym";
				ENABLE_NS_ASSERTIONS = NO;
				ENABLE_STRICT_OBJC_MSGSEND = YES;
				ENABLE_USER_SCRIPT_SANDBOXING = YES;
				GCC_C_LANGUAGE_STANDARD = gnu17;
				GCC_NO_COMMON_BLOCKS = YES;
				GCC_WARN_64_TO_32_BIT_CONVERSION = YES;
				GCC_WARN_ABOUT_RETURN_TYPE = YES_ERROR;
				GCC_WARN_UNDECLARED_SELECTOR = YES;
				GCC_WARN_UNINITIALIZED_AUTOS = YES_AGGRESSIVE;
				GCC_WARN_UNUSED_FUNCTION = YES;
				GCC_WARN_UNUSED_VARIABLE = YES;
				LOCALIZATION_PREFERS_STRING_CATALOGS = YES;
				MTL_ENABLE_DEBUG_INFO = NO;
				MTL_FAST_MATH = YES;
				SWIFT_COMPILATION_MODE = wholemodule;
			};
			name = Release;
		};
		1D858AEF2AE43C4B00FE6AC4 /* Debug */ = {
			isa = XCBuildConfiguration;
			buildSettings = {
				ASSETCATALOG_COMPILER_APPICON_NAME = AppIcon;
				ASSETCATALOG_COMPILER_GLOBAL_ACCENT_COLOR_NAME = AccentColor;
				CODE_SIGN_ENTITLEMENTS = TalkBook/TalkBook.entitlements;
				CODE_SIGN_STYLE = Automatic;
				CURRENT_PROJECT_VERSION = 1;
				DEVELOPMENT_ASSET_PATHS = "\"TalkBook/Preview Content\"";
				DEVELOPMENT_TEAM = 6P26T9HRBD;
				ENABLE_HARDENED_RUNTIME = YES;
				ENABLE_PREVIEWS = YES;
				GENERATE_INFOPLIST_FILE = YES;
				INFOPLIST_FILE = TalkBook/Info.plist;
				"INFOPLIST_KEY_UIApplicationSceneManifest_Generation[sdk=iphoneos*]" = YES;
				"INFOPLIST_KEY_UIApplicationSceneManifest_Generation[sdk=iphonesimulator*]" = YES;
				"INFOPLIST_KEY_UIApplicationSupportsIndirectInputEvents[sdk=iphoneos*]" = YES;
				"INFOPLIST_KEY_UIApplicationSupportsIndirectInputEvents[sdk=iphonesimulator*]" = YES;
				"INFOPLIST_KEY_UILaunchScreen_Generation[sdk=iphoneos*]" = YES;
				"INFOPLIST_KEY_UILaunchScreen_Generation[sdk=iphonesimulator*]" = YES;
				"INFOPLIST_KEY_UIStatusBarStyle[sdk=iphoneos*]" = UIStatusBarStyleDefault;
				"INFOPLIST_KEY_UIStatusBarStyle[sdk=iphonesimulator*]" = UIStatusBarStyleDefault;
				INFOPLIST_KEY_UISupportedInterfaceOrientations_iPad = "UIInterfaceOrientationPortrait UIInterfaceOrientationPortraitUpsideDown UIInterfaceOrientationLandscapeLeft UIInterfaceOrientationLandscapeRight";
				INFOPLIST_KEY_UISupportedInterfaceOrientations_iPhone = "UIInterfaceOrientationPortrait UIInterfaceOrientationLandscapeLeft UIInterfaceOrientationLandscapeRight";
				IPHONEOS_DEPLOYMENT_TARGET = 16.0;
				LD_RUNPATH_SEARCH_PATHS = "@executable_path/Frameworks";
				"LD_RUNPATH_SEARCH_PATHS[sdk=macosx*]" = "@executable_path/../Frameworks";
				MACOSX_DEPLOYMENT_TARGET = 14.0;
				MARKETING_VERSION = 1.0;
				PRODUCT_BUNDLE_IDENTIFIER = com.portonics.TalkBook;
				PRODUCT_NAME = "$(TARGET_NAME)";
				SDKROOT = auto;
				SUPPORTED_PLATFORMS = "iphoneos iphonesimulator macosx";
				SWIFT_EMIT_LOC_STRINGS = YES;
				SWIFT_VERSION = 5.0;
				TARGETED_DEVICE_FAMILY = "1,2";
			};
			name = Debug;
		};
		1D858AF02AE43C4B00FE6AC4 /* Release */ = {
			isa = XCBuildConfiguration;
			buildSettings = {
				ASSETCATALOG_COMPILER_APPICON_NAME = AppIcon;
				ASSETCATALOG_COMPILER_GLOBAL_ACCENT_COLOR_NAME = AccentColor;
				CODE_SIGN_ENTITLEMENTS = TalkBook/TalkBook.entitlements;
				CODE_SIGN_STYLE = Automatic;
				CURRENT_PROJECT_VERSION = 1;
				DEVELOPMENT_ASSET_PATHS = "\"TalkBook/Preview Content\"";
				DEVELOPMENT_TEAM = 6P26T9HRBD;
				ENABLE_HARDENED_RUNTIME = YES;
				ENABLE_PREVIEWS = YES;
				GENERATE_INFOPLIST_FILE = YES;
				INFOPLIST_FILE = TalkBook/Info.plist;
				"INFOPLIST_KEY_UIApplicationSceneManifest_Generation[sdk=iphoneos*]" = YES;
				"INFOPLIST_KEY_UIApplicationSceneManifest_Generation[sdk=iphonesimulator*]" = YES;
				"INFOPLIST_KEY_UIApplicationSupportsIndirectInputEvents[sdk=iphoneos*]" = YES;
				"INFOPLIST_KEY_UIApplicationSupportsIndirectInputEvents[sdk=iphonesimulator*]" = YES;
				"INFOPLIST_KEY_UILaunchScreen_Generation[sdk=iphoneos*]" = YES;
				"INFOPLIST_KEY_UILaunchScreen_Generation[sdk=iphonesimulator*]" = YES;
				"INFOPLIST_KEY_UIStatusBarStyle[sdk=iphoneos*]" = UIStatusBarStyleDefault;
				"INFOPLIST_KEY_UIStatusBarStyle[sdk=iphonesimulator*]" = UIStatusBarStyleDefault;
				INFOPLIST_KEY_UISupportedInterfaceOrientations_iPad = "UIInterfaceOrientationPortrait UIInterfaceOrientationPortraitUpsideDown UIInterfaceOrientationLandscapeLeft UIInterfaceOrientationLandscapeRight";
				INFOPLIST_KEY_UISupportedInterfaceOrientations_iPhone = "UIInterfaceOrientationPortrait UIInterfaceOrientationLandscapeLeft UIInterfaceOrientationLandscapeRight";
				IPHONEOS_DEPLOYMENT_TARGET = 16.0;
				LD_RUNPATH_SEARCH_PATHS = "@executable_path/Frameworks";
				"LD_RUNPATH_SEARCH_PATHS[sdk=macosx*]" = "@executable_path/../Frameworks";
				MACOSX_DEPLOYMENT_TARGET = 14.0;
				MARKETING_VERSION = 1.0;
				PRODUCT_BUNDLE_IDENTIFIER = com.portonics.TalkBook;
				PRODUCT_NAME = "$(TARGET_NAME)";
				SDKROOT = auto;
				SUPPORTED_PLATFORMS = "iphoneos iphonesimulator macosx";
				SWIFT_EMIT_LOC_STRINGS = YES;
				SWIFT_VERSION = 5.0;
				TARGETED_DEVICE_FAMILY = "1,2";
			};
			name = Release;
		};
		1D858AF22AE43C4B00FE6AC4 /* Debug */ = {
			isa = XCBuildConfiguration;
			buildSettings = {
				ALWAYS_EMBED_SWIFT_STANDARD_LIBRARIES = YES;
				BUNDLE_LOADER = "$(TEST_HOST)";
				CODE_SIGN_STYLE = Automatic;
				CURRENT_PROJECT_VERSION = 1;
				DEVELOPMENT_TEAM = 6P26T9HRBD;
				GENERATE_INFOPLIST_FILE = YES;
				IPHONEOS_DEPLOYMENT_TARGET = 17.0;
				MACOSX_DEPLOYMENT_TARGET = 14.0;
				MARKETING_VERSION = 1.0;
				PRODUCT_BUNDLE_IDENTIFIER = com.portonics.TalkBookTests;
				PRODUCT_NAME = "$(TARGET_NAME)";
				SDKROOT = auto;
				SUPPORTED_PLATFORMS = "iphoneos iphonesimulator macosx";
				SWIFT_EMIT_LOC_STRINGS = NO;
				SWIFT_VERSION = 5.0;
				TARGETED_DEVICE_FAMILY = "1,2";
				TEST_HOST = "$(BUILT_PRODUCTS_DIR)/TalkBook.app/$(BUNDLE_EXECUTABLE_FOLDER_PATH)/TalkBook";
			};
			name = Debug;
		};
		1D858AF32AE43C4B00FE6AC4 /* Release */ = {
			isa = XCBuildConfiguration;
			buildSettings = {
				ALWAYS_EMBED_SWIFT_STANDARD_LIBRARIES = YES;
				BUNDLE_LOADER = "$(TEST_HOST)";
				CODE_SIGN_STYLE = Automatic;
				CURRENT_PROJECT_VERSION = 1;
				DEVELOPMENT_TEAM = 6P26T9HRBD;
				GENERATE_INFOPLIST_FILE = YES;
				IPHONEOS_DEPLOYMENT_TARGET = 17.0;
				MACOSX_DEPLOYMENT_TARGET = 14.0;
				MARKETING_VERSION = 1.0;
				PRODUCT_BUNDLE_IDENTIFIER = com.portonics.TalkBookTests;
				PRODUCT_NAME = "$(TARGET_NAME)";
				SDKROOT = auto;
				SUPPORTED_PLATFORMS = "iphoneos iphonesimulator macosx";
				SWIFT_EMIT_LOC_STRINGS = NO;
				SWIFT_VERSION = 5.0;
				TARGETED_DEVICE_FAMILY = "1,2";
				TEST_HOST = "$(BUILT_PRODUCTS_DIR)/TalkBook.app/$(BUNDLE_EXECUTABLE_FOLDER_PATH)/TalkBook";
			};
			name = Release;
		};
		1D858AF52AE43C4B00FE6AC4 /* Debug */ = {
			isa = XCBuildConfiguration;
			buildSettings = {
				ALWAYS_EMBED_SWIFT_STANDARD_LIBRARIES = YES;
				CODE_SIGN_STYLE = Automatic;
				CURRENT_PROJECT_VERSION = 1;
				DEVELOPMENT_TEAM = 6P26T9HRBD;
				GENERATE_INFOPLIST_FILE = YES;
				IPHONEOS_DEPLOYMENT_TARGET = 17.0;
				MACOSX_DEPLOYMENT_TARGET = 14.0;
				MARKETING_VERSION = 1.0;
				PRODUCT_BUNDLE_IDENTIFIER = com.portonics.TalkBookUITests;
				PRODUCT_NAME = "$(TARGET_NAME)";
				SDKROOT = auto;
				SUPPORTED_PLATFORMS = "iphoneos iphonesimulator macosx";
				SWIFT_EMIT_LOC_STRINGS = NO;
				SWIFT_VERSION = 5.0;
				TARGETED_DEVICE_FAMILY = "1,2";
				TEST_TARGET_NAME = TalkBook;
			};
			name = Debug;
		};
		1D858AF62AE43C4B00FE6AC4 /* Release */ = {
			isa = XCBuildConfiguration;
			buildSettings = {
				ALWAYS_EMBED_SWIFT_STANDARD_LIBRARIES = YES;
				CODE_SIGN_STYLE = Automatic;
				CURRENT_PROJECT_VERSION = 1;
				DEVELOPMENT_TEAM = 6P26T9HRBD;
				GENERATE_INFOPLIST_FILE = YES;
				IPHONEOS_DEPLOYMENT_TARGET = 17.0;
				MACOSX_DEPLOYMENT_TARGET = 14.0;
				MARKETING_VERSION = 1.0;
				PRODUCT_BUNDLE_IDENTIFIER = com.portonics.TalkBookUITests;
				PRODUCT_NAME = "$(TARGET_NAME)";
				SDKROOT = auto;
				SUPPORTED_PLATFORMS = "iphoneos iphonesimulator macosx";
				SWIFT_EMIT_LOC_STRINGS = NO;
				SWIFT_VERSION = 5.0;
				TARGETED_DEVICE_FAMILY = "1,2";
				TEST_TARGET_NAME = TalkBook;
			};
			name = Release;
		};
/* End XCBuildConfiguration section */

/* Begin XCConfigurationList section */
		1D858AC42AE43C4800FE6AC4 /* Build configuration list for PBXProject "TalkBook" */ = {
			isa = XCConfigurationList;
			buildConfigurations = (
				1D858AEC2AE43C4B00FE6AC4 /* Debug */,
				1D858AED2AE43C4B00FE6AC4 /* Release */,
			);
			defaultConfigurationIsVisible = 0;
			defaultConfigurationName = Release;
		};
		1D858AEE2AE43C4B00FE6AC4 /* Build configuration list for PBXNativeTarget "TalkBook" */ = {
			isa = XCConfigurationList;
			buildConfigurations = (
				1D858AEF2AE43C4B00FE6AC4 /* Debug */,
				1D858AF02AE43C4B00FE6AC4 /* Release */,
			);
			defaultConfigurationIsVisible = 0;
			defaultConfigurationName = Release;
		};
		1D858AF12AE43C4B00FE6AC4 /* Build configuration list for PBXNativeTarget "TalkBookTests" */ = {
			isa = XCConfigurationList;
			buildConfigurations = (
				1D858AF22AE43C4B00FE6AC4 /* Debug */,
				1D858AF32AE43C4B00FE6AC4 /* Release */,
			);
			defaultConfigurationIsVisible = 0;
			defaultConfigurationName = Release;
		};
		1D858AF42AE43C4B00FE6AC4 /* Build configuration list for PBXNativeTarget "TalkBookUITests" */ = {
			isa = XCConfigurationList;
			buildConfigurations = (
				1D858AF52AE43C4B00FE6AC4 /* Debug */,
				1D858AF62AE43C4B00FE6AC4 /* Release */,
			);
			defaultConfigurationIsVisible = 0;
			defaultConfigurationName = Release;
		};
/* End XCConfigurationList section */

/* Begin XCRemoteSwiftPackageReference section */
		1D1A2DD72AF12672001FD271 /* XCRemoteSwiftPackageReference "cloudinary_ios" */ = {
			isa = XCRemoteSwiftPackageReference;
			repositoryURL = "https://github.com/cloudinary/cloudinary_ios.git";
			requirement = {
				kind = upToNextMajorVersion;
				minimumVersion = 4.2.0;
			};
		};
		1D6129882AEECB6A003C3854 /* XCRemoteSwiftPackageReference "NetworkKit" */ = {
			isa = XCRemoteSwiftPackageReference;
			repositoryURL = "https://github.com/sinbadbd/NetworkKit";
			requirement = {
				branch = main;
				kind = branch;
			};
		};
		1D6CB76E2AEB7BE100CE713F /* XCRemoteSwiftPackageReference "KitBase" */ = {
			isa = XCRemoteSwiftPackageReference;
			repositoryURL = "https://github.com/sinbadbd/KitBase";
			requirement = {
				branch = main;
				kind = branch;
			};
		};
/* End XCRemoteSwiftPackageReference section */

/* Begin XCSwiftPackageProductDependency section */
		1D1A2DD82AF12672001FD271 /* Cloudinary */ = {
			isa = XCSwiftPackageProductDependency;
			package = 1D1A2DD72AF12672001FD271 /* XCRemoteSwiftPackageReference "cloudinary_ios" */;
			productName = Cloudinary;
		};
		1D6129892AEECB6A003C3854 /* NetworkKit */ = {
			isa = XCSwiftPackageProductDependency;
			package = 1D6129882AEECB6A003C3854 /* XCRemoteSwiftPackageReference "NetworkKit" */;
			productName = NetworkKit;
		};
		1D6CB76F2AEB7BE100CE713F /* KitBase */ = {
			isa = XCSwiftPackageProductDependency;
			package = 1D6CB76E2AEB7BE100CE713F /* XCRemoteSwiftPackageReference "KitBase" */;
			productName = KitBase;
		};
/* End XCSwiftPackageProductDependency section */
	};
	rootObject = 1D858AC12AE43C4800FE6AC4 /* Project object */;
}
